{"format_version":"1.2","terraform_version":"1.5.1","variables":{"AWS_REGION":{"value":"us-west-2"},"cidr_blocks":{"value":"0.0.0.0/0"},"private_cidr":{"value":"10.0.1.16/28"},"public_cidr":{"value":"10.0.1.0/28"}},"planned_values":{"root_module":{"resources":[{"address":"aws_internet_gateway.devVPC_IGW","mode":"managed","type":"aws_internet_gateway","name":"devVPC_IGW","provider_name":"registry.terraform.io/hashicorp/aws","schema_version":0,"values":{"arn":"arn:aws:ec2:us-west-2:472058926441:internet-gateway/igw-009c11f60f3d708ee","id":"igw-009c11f60f3d708ee","owner_id":"472058926441","tags":{"Name":"dev_terraform_vpc_igw"},"tags_all":{"Name":"dev_terraform_vpc_igw"},"timeouts":null,"vpc_id":"vpc-0246f8e4632e68653"},"sensitive_values":{"tags":{},"tags_all":{}}},{"address":"aws_route_table.devVPC_public_route","mode":"managed","type":"aws_route_table","name":"devVPC_public_route","provider_name":"registry.terraform.io/hashicorp/aws","schema_version":0,"values":{"route":[{"carrier_gateway_id":"","cidr_block":"0.0.0.0/0","core_network_arn":"","destination_prefix_list_id":"","egress_only_gateway_id":"","gateway_id":"igw-009c11f60f3d708ee","ipv6_cidr_block":"","local_gateway_id":"","nat_gateway_id":"","network_interface_id":"","transit_gateway_id":"","vpc_endpoint_id":"","vpc_peering_connection_id":""}],"tags":{"Name":"dev_terraform_vpc_public_route"},"tags_all":{"Name":"dev_terraform_vpc_public_route"},"timeouts":null,"vpc_id":"vpc-0246f8e4632e68653"},"sensitive_values":{"propagating_vgws":[],"route":[{}],"tags":{},"tags_all":{}}},{"address":"aws_route_table_association.public_subnet_association","mode":"managed","type":"aws_route_table_association","name":"public_subnet_association","provider_name":"registry.terraform.io/hashicorp/aws","schema_version":0,"values":{"gateway_id":null,"timeouts":null},"sensitive_values":{}},{"address":"aws_subnet.devVPC_public_subnet","mode":"managed","type":"aws_subnet","name":"devVPC_public_subnet","provider_name":"registry.terraform.io/hashicorp/aws","schema_version":1,"values":{"assign_ipv6_address_on_creation":false,"availability_zone":"us-west-2b","cidr_block":"10.0.1.0/28","customer_owned_ipv4_pool":null,"enable_dns64":false,"enable_lni_at_device_index":null,"enable_resource_name_dns_a_record_on_launch":false,"enable_resource_name_dns_aaaa_record_on_launch":false,"ipv6_cidr_block":null,"ipv6_native":false,"map_customer_owned_ip_on_launch":null,"map_public_ip_on_launch":true,"outpost_arn":null,"tags":{"Name":"dev_terraform_vpc_public_subnet"},"tags_all":{"Name":"dev_terraform_vpc_public_subnet"},"timeouts":null,"vpc_id":"vpc-0246f8e4632e68653"},"sensitive_values":{"tags":{},"tags_all":{}}},{"address":"aws_subnet.private_subnet","mode":"managed","type":"aws_subnet","name":"private_subnet","provider_name":"registry.terraform.io/hashicorp/aws","schema_version":1,"values":{"assign_ipv6_address_on_creation":false,"availability_zone":"us-west-2b","cidr_block":"10.0.2.0/28","customer_owned_ipv4_pool":null,"enable_dns64":false,"enable_lni_at_device_index":null,"enable_resource_name_dns_a_record_on_launch":false,"enable_resource_name_dns_aaaa_record_on_launch":false,"ipv6_cidr_block":null,"ipv6_native":false,"map_customer_owned_ip_on_launch":null,"map_public_ip_on_launch":false,"outpost_arn":null,"tags":{"Name":"dev_terraform_vpc_private_subnet"},"tags_all":{"Name":"dev_terraform_vpc_private_subnet"},"timeouts":null,"vpc_id":"vpc-0246f8e4632e68653"},"sensitive_values":{"tags":{},"tags_all":{}}},{"address":"aws_vpc.devVPC","mode":"managed","type":"aws_vpc","name":"devVPC","provider_name":"registry.terraform.io/hashicorp/aws","schema_version":1,"values":{"arn":"arn:aws:ec2:us-west-2:472058926441:vpc/vpc-0246f8e4632e68653","assign_generated_ipv6_cidr_block":false,"cidr_block":"10.0.0.0/16","default_network_acl_id":"acl-0b8a6f96be67cc601","default_route_table_id":"rtb-0aee77922fc2697da","default_security_group_id":"sg-0bc2fe9cae29370a9","dhcp_options_id":"dopt-029395e6c909cd407","enable_dns_hostnames":true,"enable_dns_support":true,"enable_network_address_usage_metrics":false,"id":"vpc-0246f8e4632e68653","instance_tenancy":"default","ipv4_ipam_pool_id":null,"ipv4_netmask_length":null,"ipv6_association_id":"","ipv6_cidr_block":"","ipv6_cidr_block_network_border_group":"","ipv6_ipam_pool_id":"","ipv6_netmask_length":0,"main_route_table_id":"rtb-0aee77922fc2697da","owner_id":"472058926441","tags":{"Name":"dev_terraform_vpc"},"tags_all":{"Name":"dev_terraform_vpc"}},"sensitive_values":{"tags":{},"tags_all":{}}}]}},"resource_drift":[{"address":"aws_route_table.devVPC_public_route","mode":"managed","type":"aws_route_table","name":"devVPC_public_route","provider_name":"registry.terraform.io/hashicorp/aws","change":{"actions":["delete"],"before":{"arn":"arn:aws:ec2:us-west-2:472058926441:route-table/rtb-04ef1b565fcf17d4f","id":"rtb-04ef1b565fcf17d4f","owner_id":"472058926441","propagating_vgws":[],"route":[{"carrier_gateway_id":"","cidr_block":"0.0.0.0/0","core_network_arn":"","destination_prefix_list_id":"","egress_only_gateway_id":"","gateway_id":"igw-009c11f60f3d708ee","ipv6_cidr_block":"","local_gateway_id":"","nat_gateway_id":"","network_interface_id":"","transit_gateway_id":"","vpc_endpoint_id":"","vpc_peering_connection_id":""}],"tags":{"Name":"dev_terraform_vpc_public_route"},"tags_all":{"Name":"dev_terraform_vpc_public_route"},"timeouts":null,"vpc_id":"vpc-0246f8e4632e68653"},"after":null,"after_unknown":{},"before_sensitive":{"propagating_vgws":[],"route":[{}],"tags":{},"tags_all":{}},"after_sensitive":false}},{"address":"aws_route_table_association.public_subnet_association","mode":"managed","type":"aws_route_table_association","name":"public_subnet_association","provider_name":"registry.terraform.io/hashicorp/aws","change":{"actions":["delete"],"before":{"gateway_id":"","id":"rtbassoc-085a14dca8cb0c520","route_table_id":"rtb-04ef1b565fcf17d4f","subnet_id":"subnet-0dd54112235213a65","timeouts":null},"after":null,"after_unknown":{},"before_sensitive":{},"after_sensitive":false}},{"address":"aws_subnet.devVPC_public_subnet","mode":"managed","type":"aws_subnet","name":"devVPC_public_subnet","provider_name":"registry.terraform.io/hashicorp/aws","change":{"actions":["delete"],"before":{"arn":"arn:aws:ec2:us-west-2:472058926441:subnet/subnet-0dd54112235213a65","assign_ipv6_address_on_creation":false,"availability_zone":"us-west-2b","availability_zone_id":"usw2-az2","cidr_block":"10.0.1.0/28","customer_owned_ipv4_pool":"","enable_dns64":false,"enable_lni_at_device_index":0,"enable_resource_name_dns_a_record_on_launch":false,"enable_resource_name_dns_aaaa_record_on_launch":false,"id":"subnet-0dd54112235213a65","ipv6_cidr_block":"","ipv6_cidr_block_association_id":"","ipv6_native":false,"map_customer_owned_ip_on_launch":false,"map_public_ip_on_launch":true,"outpost_arn":"","owner_id":"472058926441","private_dns_hostname_type_on_launch":"ip-name","tags":{"Name":"dev_terraform_vpc_public_subnet"},"tags_all":{"Name":"dev_terraform_vpc_public_subnet"},"timeouts":null,"vpc_id":"vpc-0246f8e4632e68653"},"after":null,"after_unknown":{},"before_sensitive":{"tags":{},"tags_all":{}},"after_sensitive":false}},{"address":"aws_subnet.private_subnet","mode":"managed","type":"aws_subnet","name":"private_subnet","provider_name":"registry.terraform.io/hashicorp/aws","change":{"actions":["delete"],"before":{"arn":"arn:aws:ec2:us-west-2:472058926441:subnet/subnet-0d4b24c2a266eb47f","assign_ipv6_address_on_creation":false,"availability_zone":"us-west-2b","availability_zone_id":"usw2-az2","cidr_block":"10.0.2.0/28","customer_owned_ipv4_pool":"","enable_dns64":false,"enable_lni_at_device_index":0,"enable_resource_name_dns_a_record_on_launch":false,"enable_resource_name_dns_aaaa_record_on_launch":false,"id":"subnet-0d4b24c2a266eb47f","ipv6_cidr_block":"","ipv6_cidr_block_association_id":"","ipv6_native":false,"map_customer_owned_ip_on_launch":false,"map_public_ip_on_launch":false,"outpost_arn":"","owner_id":"472058926441","private_dns_hostname_type_on_launch":"ip-name","tags":{"Name":"dev_terraform_vpc_private_subnet"},"tags_all":{"Name":"dev_terraform_vpc_private_subnet"},"timeouts":null,"vpc_id":"vpc-0246f8e4632e68653"},"after":null,"after_unknown":{},"before_sensitive":{"tags":{},"tags_all":{}},"after_sensitive":false}}],"resource_changes":[{"address":"aws_internet_gateway.devVPC_IGW","mode":"managed","type":"aws_internet_gateway","name":"devVPC_IGW","provider_name":"registry.terraform.io/hashicorp/aws","change":{"actions":["no-op"],"before":{"arn":"arn:aws:ec2:us-west-2:472058926441:internet-gateway/igw-009c11f60f3d708ee","id":"igw-009c11f60f3d708ee","owner_id":"472058926441","tags":{"Name":"dev_terraform_vpc_igw"},"tags_all":{"Name":"dev_terraform_vpc_igw"},"timeouts":null,"vpc_id":"vpc-0246f8e4632e68653"},"after":{"arn":"arn:aws:ec2:us-west-2:472058926441:internet-gateway/igw-009c11f60f3d708ee","id":"igw-009c11f60f3d708ee","owner_id":"472058926441","tags":{"Name":"dev_terraform_vpc_igw"},"tags_all":{"Name":"dev_terraform_vpc_igw"},"timeouts":null,"vpc_id":"vpc-0246f8e4632e68653"},"after_unknown":{},"before_sensitive":{"tags":{},"tags_all":{}},"after_sensitive":{"tags":{},"tags_all":{}}}},{"address":"aws_route_table.devVPC_public_route","mode":"managed","type":"aws_route_table","name":"devVPC_public_route","provider_name":"registry.terraform.io/hashicorp/aws","change":{"actions":["create"],"before":null,"after":{"route":[{"carrier_gateway_id":"","cidr_block":"0.0.0.0/0","core_network_arn":"","destination_prefix_list_id":"","egress_only_gateway_id":"","gateway_id":"igw-009c11f60f3d708ee","ipv6_cidr_block":"","local_gateway_id":"","nat_gateway_id":"","network_interface_id":"","transit_gateway_id":"","vpc_endpoint_id":"","vpc_peering_connection_id":""}],"tags":{"Name":"dev_terraform_vpc_public_route"},"tags_all":{"Name":"dev_terraform_vpc_public_route"},"timeouts":null,"vpc_id":"vpc-0246f8e4632e68653"},"after_unknown":{"arn":true,"id":true,"owner_id":true,"propagating_vgws":true,"route":[{}],"tags":{},"tags_all":{}},"before_sensitive":false,"after_sensitive":{"propagating_vgws":[],"route":[{}],"tags":{},"tags_all":{}}}},{"address":"aws_route_table_association.public_subnet_association","mode":"managed","type":"aws_route_table_association","name":"public_subnet_association","provider_name":"registry.terraform.io/hashicorp/aws","change":{"actions":["create"],"before":null,"after":{"gateway_id":null,"timeouts":null},"after_unknown":{"id":true,"route_table_id":true,"subnet_id":true},"before_sensitive":false,"after_sensitive":{}}},{"address":"aws_subnet.devVPC_public_subnet","mode":"managed","type":"aws_subnet","name":"devVPC_public_subnet","provider_name":"registry.terraform.io/hashicorp/aws","change":{"actions":["create"],"before":null,"after":{"assign_ipv6_address_on_creation":false,"availability_zone":"us-west-2b","cidr_block":"10.0.1.0/28","customer_owned_ipv4_pool":null,"enable_dns64":false,"enable_lni_at_device_index":null,"enable_resource_name_dns_a_record_on_launch":false,"enable_resource_name_dns_aaaa_record_on_launch":false,"ipv6_cidr_block":null,"ipv6_native":false,"map_customer_owned_ip_on_launch":null,"map_public_ip_on_launch":true,"outpost_arn":null,"tags":{"Name":"dev_terraform_vpc_public_subnet"},"tags_all":{"Name":"dev_terraform_vpc_public_subnet"},"timeouts":null,"vpc_id":"vpc-0246f8e4632e68653"},"after_unknown":{"arn":true,"availability_zone_id":true,"id":true,"ipv6_cidr_block_association_id":true,"owner_id":true,"private_dns_hostname_type_on_launch":true,"tags":{},"tags_all":{}},"before_sensitive":false,"after_sensitive":{"tags":{},"tags_all":{}}}},{"address":"aws_subnet.private_subnet","mode":"managed","type":"aws_subnet","name":"private_subnet","provider_name":"registry.terraform.io/hashicorp/aws","change":{"actions":["create"],"before":null,"after":{"assign_ipv6_address_on_creation":false,"availability_zone":"us-west-2b","cidr_block":"10.0.2.0/28","customer_owned_ipv4_pool":null,"enable_dns64":false,"enable_lni_at_device_index":null,"enable_resource_name_dns_a_record_on_launch":false,"enable_resource_name_dns_aaaa_record_on_launch":false,"ipv6_cidr_block":null,"ipv6_native":false,"map_customer_owned_ip_on_launch":null,"map_public_ip_on_launch":false,"outpost_arn":null,"tags":{"Name":"dev_terraform_vpc_private_subnet"},"tags_all":{"Name":"dev_terraform_vpc_private_subnet"},"timeouts":null,"vpc_id":"vpc-0246f8e4632e68653"},"after_unknown":{"arn":true,"availability_zone_id":true,"id":true,"ipv6_cidr_block_association_id":true,"owner_id":true,"private_dns_hostname_type_on_launch":true,"tags":{},"tags_all":{}},"before_sensitive":false,"after_sensitive":{"tags":{},"tags_all":{}}}},{"address":"aws_vpc.devVPC","mode":"managed","type":"aws_vpc","name":"devVPC","provider_name":"registry.terraform.io/hashicorp/aws","change":{"actions":["no-op"],"before":{"arn":"arn:aws:ec2:us-west-2:472058926441:vpc/vpc-0246f8e4632e68653","assign_generated_ipv6_cidr_block":false,"cidr_block":"10.0.0.0/16","default_network_acl_id":"acl-0b8a6f96be67cc601","default_route_table_id":"rtb-0aee77922fc2697da","default_security_group_id":"sg-0bc2fe9cae29370a9","dhcp_options_id":"dopt-029395e6c909cd407","enable_dns_hostnames":true,"enable_dns_support":true,"enable_network_address_usage_metrics":false,"id":"vpc-0246f8e4632e68653","instance_tenancy":"default","ipv4_ipam_pool_id":null,"ipv4_netmask_length":null,"ipv6_association_id":"","ipv6_cidr_block":"","ipv6_cidr_block_network_border_group":"","ipv6_ipam_pool_id":"","ipv6_netmask_length":0,"main_route_table_id":"rtb-0aee77922fc2697da","owner_id":"472058926441","tags":{"Name":"dev_terraform_vpc"},"tags_all":{"Name":"dev_terraform_vpc"}},"after":{"arn":"arn:aws:ec2:us-west-2:472058926441:vpc/vpc-0246f8e4632e68653","assign_generated_ipv6_cidr_block":false,"cidr_block":"10.0.0.0/16","default_network_acl_id":"acl-0b8a6f96be67cc601","default_route_table_id":"rtb-0aee77922fc2697da","default_security_group_id":"sg-0bc2fe9cae29370a9","dhcp_options_id":"dopt-029395e6c909cd407","enable_dns_hostnames":true,"enable_dns_support":true,"enable_network_address_usage_metrics":false,"id":"vpc-0246f8e4632e68653","instance_tenancy":"default","ipv4_ipam_pool_id":null,"ipv4_netmask_length":null,"ipv6_association_id":"","ipv6_cidr_block":"","ipv6_cidr_block_network_border_group":"","ipv6_ipam_pool_id":"","ipv6_netmask_length":0,"main_route_table_id":"rtb-0aee77922fc2697da","owner_id":"472058926441","tags":{"Name":"dev_terraform_vpc"},"tags_all":{"Name":"dev_terraform_vpc"}},"after_unknown":{},"before_sensitive":{"tags":{},"tags_all":{}},"after_sensitive":{"tags":{},"tags_all":{}}}}],"prior_state":{"format_version":"1.0","terraform_version":"1.5.1","values":{"root_module":{"resources":[{"address":"data.aws_availability_zones.devVPC_available","mode":"data","type":"aws_availability_zones","name":"devVPC_available","provider_name":"registry.terraform.io/hashicorp/aws","schema_version":0,"values":{"all_availability_zones":null,"exclude_names":null,"exclude_zone_ids":null,"filter":null,"group_names":["us-west-2"],"id":"us-west-2","names":["us-west-2a","us-west-2b","us-west-2c","us-west-2d"],"state":null,"timeouts":null,"zone_ids":["usw2-az1","usw2-az2","usw2-az3","usw2-az4"]},"sensitive_values":{"group_names":[false],"names":[false,false,false,false],"zone_ids":[false,false,false,false]}},{"address":"aws_internet_gateway.devVPC_IGW","mode":"managed","type":"aws_internet_gateway","name":"devVPC_IGW","provider_name":"registry.terraform.io/hashicorp/aws","schema_version":0,"values":{"arn":"arn:aws:ec2:us-west-2:472058926441:internet-gateway/igw-009c11f60f3d708ee","id":"igw-009c11f60f3d708ee","owner_id":"472058926441","tags":{"Name":"dev_terraform_vpc_igw"},"tags_all":{"Name":"dev_terraform_vpc_igw"},"timeouts":null,"vpc_id":"vpc-0246f8e4632e68653"},"sensitive_values":{"tags":{},"tags_all":{}},"depends_on":["aws_vpc.devVPC"]},{"address":"aws_vpc.devVPC","mode":"managed","type":"aws_vpc","name":"devVPC","provider_name":"registry.terraform.io/hashicorp/aws","schema_version":1,"values":{"arn":"arn:aws:ec2:us-west-2:472058926441:vpc/vpc-0246f8e4632e68653","assign_generated_ipv6_cidr_block":false,"cidr_block":"10.0.0.0/16","default_network_acl_id":"acl-0b8a6f96be67cc601","default_route_table_id":"rtb-0aee77922fc2697da","default_security_group_id":"sg-0bc2fe9cae29370a9","dhcp_options_id":"dopt-029395e6c909cd407","enable_dns_hostnames":true,"enable_dns_support":true,"enable_network_address_usage_metrics":false,"id":"vpc-0246f8e4632e68653","instance_tenancy":"default","ipv4_ipam_pool_id":null,"ipv4_netmask_length":null,"ipv6_association_id":"","ipv6_cidr_block":"","ipv6_cidr_block_network_border_group":"","ipv6_ipam_pool_id":"","ipv6_netmask_length":0,"main_route_table_id":"rtb-0aee77922fc2697da","owner_id":"472058926441","tags":{"Name":"dev_terraform_vpc"},"tags_all":{"Name":"dev_terraform_vpc"}},"sensitive_values":{"tags":{},"tags_all":{}}}]}}},"configuration":{"provider_config":{"aws":{"name":"aws","full_name":"registry.terraform.io/hashicorp/aws","expressions":{"region":{"references":["var.AWS_REGION"]}}}},"root_module":{"resources":[{"address":"aws_internet_gateway.devVPC_IGW","mode":"managed","type":"aws_internet_gateway","name":"devVPC_IGW","provider_config_key":"aws","expressions":{"tags":{"constant_value":{"Name":"dev_terraform_vpc_igw"}},"vpc_id":{"references":["aws_vpc.devVPC.id","aws_vpc.devVPC"]}},"schema_version":0},{"address":"aws_route_table.devVPC_public_route","mode":"managed","type":"aws_route_table","name":"devVPC_public_route","provider_config_key":"aws","expressions":{"route":{"references":["aws_internet_gateway.devVPC_IGW.id","aws_internet_gateway.devVPC_IGW","var.cidr_blocks"]},"tags":{"constant_value":{"Name":"dev_terraform_vpc_public_route"}},"vpc_id":{"references":["aws_vpc.devVPC.id","aws_vpc.devVPC"]}},"schema_version":0},{"address":"aws_route_table_association.public_subnet_association","mode":"managed","type":"aws_route_table_association","name":"public_subnet_association","provider_config_key":"aws","expressions":{"route_table_id":{"references":["aws_route_table.devVPC_public_route.id","aws_route_table.devVPC_public_route"]},"subnet_id":{"references":["aws_subnet.devVPC_public_subnet.id","aws_subnet.devVPC_public_subnet"]}},"schema_version":0,"depends_on":["aws_route_table.devVPC_public_route","aws_subnet.devVPC_public_subnet"]},{"address":"aws_subnet.devVPC_public_subnet","mode":"managed","type":"aws_subnet","name":"devVPC_public_subnet","provider_config_key":"aws","expressions":{"availability_zone":{"references":["data.aws_availability_zones.devVPC_available.names[1]","data.aws_availability_zones.devVPC_available.names","data.aws_availability_zones.devVPC_available"]},"cidr_block":{"constant_value":"10.0.1.0/28"},"map_public_ip_on_launch":{"constant_value":true},"tags":{"constant_value":{"Name":"dev_terraform_vpc_public_subnet"}},"vpc_id":{"references":["aws_vpc.devVPC.id","aws_vpc.devVPC"]}},"schema_version":1},{"address":"aws_subnet.private_subnet","mode":"managed","type":"aws_subnet","name":"private_subnet","provider_config_key":"aws","expressions":{"availability_zone":{"references":["data.aws_availability_zones.devVPC_available.names[1]","data.aws_availability_zones.devVPC_available.names","data.aws_availability_zones.devVPC_available"]},"cidr_block":{"constant_value":"10.0.2.0/28"},"map_public_ip_on_launch":{"constant_value":false},"tags":{"constant_value":{"Name":"dev_terraform_vpc_private_subnet"}},"vpc_id":{"references":["aws_vpc.devVPC.id","aws_vpc.devVPC"]}},"schema_version":1},{"address":"aws_vpc.devVPC","mode":"managed","type":"aws_vpc","name":"devVPC","provider_config_key":"aws","expressions":{"cidr_block":{"constant_value":"10.0.0.0/16"},"enable_dns_hostnames":{"constant_value":true},"enable_dns_support":{"constant_value":true},"tags":{"constant_value":{"Name":"dev_terraform_vpc"}}},"schema_version":1},{"address":"data.aws_availability_zones.devVPC_available","mode":"data","type":"aws_availability_zones","name":"devVPC_available","provider_config_key":"aws","schema_version":0}],"variables":{"AWS_REGION":{"default":"us-west-2","description":"AWS Region"},"cidr_blocks":{"default":"0.0.0.0/0"},"private_cidr":{"default":"10.0.1.16/28"},"public_cidr":{"default":"10.0.1.0/28"}}}},"relevant_attributes":[{"resource":"aws_vpc.devVPC","attribute":["id"]},{"resource":"data.aws_availability_zones.devVPC_available","attribute":["names",1]},{"resource":"aws_internet_gateway.devVPC_IGW","attribute":["id"]},{"resource":"aws_route_table.devVPC_public_route","attribute":["id"]},{"resource":"aws_subnet.devVPC_public_subnet","attribute":["id"]}],"timestamp":"2023-07-13T10:04:12Z"}
