{"format_version":"1.2","terraform_version":"1.5.1","variables":{"AWS_REGION":{"value":"us-west-2"},"VPC_cidr_block":{"value":"10.0.0.0/16"},"cidr_blocks":{"value":"0.0.0.0/0"},"private_cidr1":{"value":"10.0.2.0/24"},"private_cidr2":{"value":"10.0.2.0/24"},"public_cidr1":{"value":"10.0.1.0/24"},"public_cidr2":{"value":"10.0.1.0/24"}},"planned_values":{"outputs":{"application_load_balancer_arn":{"sensitive":false},"application_load_balancer_id":{"sensitive":false},"auto_scaling_group_arn":{"sensitive":false},"auto_scaling_group_id":{"sensitive":false},"aws_internet_gateway":{"sensitive":false},"launch_configuration_id":{"sensitive":false},"launch_configuration_name":{"sensitive":false,"type":"string","value":"devVPC-lc"},"public_subnet1":{"sensitive":false},"public_subnet2":{"sensitive":false},"security_group":{"sensitive":false},"target_group_arn":{"sensitive":false},"target_group_id":{"sensitive":false},"vpc_id":{"sensitive":false}},"root_module":{"resources":[{"address":"aws_autoscaling_group.devVPC_auto_scaling_group","mode":"managed","type":"aws_autoscaling_group","name":"devVPC_auto_scaling_group","provider_name":"registry.terraform.io/hashicorp/aws","schema_version":0,"values":{"capacity_rebalance":null,"context":null,"default_instance_warmup":null,"desired_capacity":2,"desired_capacity_type":null,"enabled_metrics":null,"force_delete":false,"force_delete_warm_pool":false,"health_check_grace_period":300,"initial_lifecycle_hook":[],"instance_refresh":[],"launch_template":[],"max_instance_lifetime":null,"max_size":4,"metrics_granularity":"1Minute","min_elb_capacity":null,"min_size":1,"mixed_instances_policy":[],"placement_group":null,"protect_from_scale_in":false,"suspended_processes":null,"tag":[{"key":"Name","propagate_at_launch":true,"value":"terraform18_ec2_asg"}],"termination_policies":null,"timeouts":null,"wait_for_capacity_timeout":"10m","wait_for_elb_capacity":null,"warm_pool":[]},"sensitive_values":{"availability_zones":[],"initial_lifecycle_hook":[],"instance_refresh":[],"launch_template":[],"load_balancers":[],"mixed_instances_policy":[],"tag":[{}],"target_group_arns":[],"traffic_source":[],"vpc_zone_identifier":[],"warm_pool":[]}},{"address":"aws_internet_gateway.devVPC_IGW","mode":"managed","type":"aws_internet_gateway","name":"devVPC_IGW","provider_name":"registry.terraform.io/hashicorp/aws","schema_version":0,"values":{"tags":{"Name":"dev_terraform_vpc_igw"},"tags_all":{"Name":"dev_terraform_vpc_igw"},"timeouts":null},"sensitive_values":{"tags":{},"tags_all":{}}},{"address":"aws_launch_configuration.devVPC_launch_configuration","mode":"managed","type":"aws_launch_configuration","name":"devVPC_launch_configuration","provider_name":"registry.terraform.io/hashicorp/aws","schema_version":0,"values":{"enable_monitoring":true,"ephemeral_block_device":[],"iam_instance_profile":null,"image_id":"ami-04d0def24be0d27d6","instance_type":"t2.micro","name":"devVPC-lc","placement_tenancy":null,"spot_price":null,"user_data":"1837399d6acaae34e62097ccae53f0687bc5e75b","user_data_base64":null},"sensitive_values":{"ebs_block_device":[],"ephemeral_block_device":[],"metadata_options":[],"root_block_device":[],"security_groups":[]}},{"address":"aws_lb.devVPC_application_load_balancer","mode":"managed","type":"aws_lb","name":"devVPC_application_load_balancer","provider_name":"registry.terraform.io/hashicorp/aws","schema_version":0,"values":{"access_logs":[],"customer_owned_ipv4_pool":null,"desync_mitigation_mode":"defensive","drop_invalid_header_fields":false,"enable_cross_zone_load_balancing":null,"enable_deletion_protection":false,"enable_http2":true,"enable_tls_version_and_cipher_suite_headers":false,"enable_waf_fail_open":false,"enable_xff_client_port":false,"idle_timeout":60,"internal":false,"load_balancer_type":"application","name":"devVPC-app-load-balancer","name_prefix":null,"preserve_host_header":false,"tags":{"Environment":"production","Name":"devVPC-app-load-balancer"},"tags_all":{"Environment":"production","Name":"devVPC-app-load-balancer"},"timeouts":null,"xff_header_processing_mode":"append"},"sensitive_values":{"access_logs":[],"security_groups":[],"subnet_mapping":[],"subnets":[],"tags":{},"tags_all":{}}},{"address":"aws_lb_listener.devVPC_listener","mode":"managed","type":"aws_lb_listener","name":"devVPC_listener","provider_name":"registry.terraform.io/hashicorp/aws","schema_version":0,"values":{"alpn_policy":null,"certificate_arn":null,"default_action":[{"authenticate_cognito":[],"authenticate_oidc":[],"fixed_response":[],"forward":[],"redirect":[],"type":"forward"}],"port":80,"protocol":"HTTP","tags":null,"timeouts":null},"sensitive_values":{"default_action":[{"authenticate_cognito":[],"authenticate_oidc":[],"fixed_response":[],"forward":[],"redirect":[]}],"tags_all":{}}},{"address":"aws_lb_target_group.devVPC_target_group","mode":"managed","type":"aws_lb_target_group","name":"devVPC_target_group","provider_name":"registry.terraform.io/hashicorp/aws","schema_version":0,"values":{"connection_termination":false,"deregistration_delay":"300","lambda_multi_value_headers_enabled":false,"name":"devVPC-target-group","name_prefix":null,"port":80,"protocol":"HTTP","proxy_protocol_v2":false,"slow_start":0,"tags":null,"target_type":"instance"},"sensitive_values":{"health_check":[],"stickiness":[],"tags_all":{},"target_failover":[]}},{"address":"aws_route_table.devVPC_public_route","mode":"managed","type":"aws_route_table","name":"devVPC_public_route","provider_name":"registry.terraform.io/hashicorp/aws","schema_version":0,"values":{"route":[{"carrier_gateway_id":"","cidr_block":"0.0.0.0/0","core_network_arn":"","destination_prefix_list_id":"","egress_only_gateway_id":"","ipv6_cidr_block":"","local_gateway_id":"","nat_gateway_id":"","network_interface_id":"","transit_gateway_id":"","vpc_endpoint_id":"","vpc_peering_connection_id":""}],"tags":{"Name":"dev_terraform_vpc_public_route"},"tags_all":{"Name":"dev_terraform_vpc_public_route"},"timeouts":null},"sensitive_values":{"propagating_vgws":[],"route":[{}],"tags":{},"tags_all":{}}},{"address":"aws_route_table_association.public_subnet_association1","mode":"managed","type":"aws_route_table_association","name":"public_subnet_association1","provider_name":"registry.terraform.io/hashicorp/aws","schema_version":0,"values":{"gateway_id":null,"timeouts":null},"sensitive_values":{}},{"address":"aws_route_table_association.public_subnet_association2","mode":"managed","type":"aws_route_table_association","name":"public_subnet_association2","provider_name":"registry.terraform.io/hashicorp/aws","schema_version":0,"values":{"gateway_id":null,"timeouts":null},"sensitive_values":{}},{"address":"aws_security_group.devVPC_sg_allow_ssh_http","mode":"managed","type":"aws_security_group","name":"devVPC_sg_allow_ssh_http","provider_name":"registry.terraform.io/hashicorp/aws","schema_version":1,"values":{"description":"Managed by Terraform","name":"devVPC_terraform_vpc_allow_ssh_http","revoke_rules_on_delete":false,"tags":{"Name":"devVPC_terraform_sg_allow_ssh_http"},"tags_all":{"Name":"devVPC_terraform_sg_allow_ssh_http"},"timeouts":null},"sensitive_values":{"egress":[],"ingress":[],"tags":{},"tags_all":{}}},{"address":"aws_security_group_rule.devVPC_egress_access","mode":"managed","type":"aws_security_group_rule","name":"devVPC_egress_access","provider_name":"registry.terraform.io/hashicorp/aws","schema_version":2,"values":{"cidr_blocks":["0.0.0.0/0"],"description":null,"from_port":0,"ipv6_cidr_blocks":null,"prefix_list_ids":null,"protocol":"-1","self":false,"timeouts":null,"to_port":0,"type":"egress"},"sensitive_values":{"cidr_blocks":[false]}},{"address":"aws_security_group_rule.devVPC_http8080_ingress_access","mode":"managed","type":"aws_security_group_rule","name":"devVPC_http8080_ingress_access","provider_name":"registry.terraform.io/hashicorp/aws","schema_version":2,"values":{"cidr_blocks":["0.0.0.0/0"],"description":null,"from_port":8080,"ipv6_cidr_blocks":null,"prefix_list_ids":null,"protocol":"tcp","self":false,"timeouts":null,"to_port":8080,"type":"ingress"},"sensitive_values":{"cidr_blocks":[false]}},{"address":"aws_security_group_rule.devVPC_http_ingress_access","mode":"managed","type":"aws_security_group_rule","name":"devVPC_http_ingress_access","provider_name":"registry.terraform.io/hashicorp/aws","schema_version":2,"values":{"cidr_blocks":["0.0.0.0/0"],"description":null,"from_port":80,"ipv6_cidr_blocks":null,"prefix_list_ids":null,"protocol":"tcp","self":false,"timeouts":null,"to_port":80,"type":"ingress"},"sensitive_values":{"cidr_blocks":[false]}},{"address":"aws_security_group_rule.devVPC_ssh_ingress_access","mode":"managed","type":"aws_security_group_rule","name":"devVPC_ssh_ingress_access","provider_name":"registry.terraform.io/hashicorp/aws","schema_version":2,"values":{"cidr_blocks":["0.0.0.0/0"],"description":null,"from_port":22,"ipv6_cidr_blocks":null,"prefix_list_ids":null,"protocol":"tcp","self":false,"timeouts":null,"to_port":22,"type":"ingress"},"sensitive_values":{"cidr_blocks":[false]}},{"address":"aws_subnet.devVPC_private_subnet1","mode":"managed","type":"aws_subnet","name":"devVPC_private_subnet1","provider_name":"registry.terraform.io/hashicorp/aws","schema_version":1,"values":{"assign_ipv6_address_on_creation":false,"availability_zone":"us-west-2b","cidr_block":"10.0.2.0/24","customer_owned_ipv4_pool":null,"enable_dns64":false,"enable_lni_at_device_index":null,"enable_resource_name_dns_a_record_on_launch":false,"enable_resource_name_dns_aaaa_record_on_launch":false,"ipv6_cidr_block":null,"ipv6_native":false,"map_customer_owned_ip_on_launch":null,"map_public_ip_on_launch":false,"outpost_arn":null,"tags":{"Name":"dev_terraform_vpc_private2_subnet_az1"},"tags_all":{"Name":"dev_terraform_vpc_private2_subnet_az1"},"timeouts":null},"sensitive_values":{"tags":{},"tags_all":{}}},{"address":"aws_subnet.devVPC_private_subnet2","mode":"managed","type":"aws_subnet","name":"devVPC_private_subnet2","provider_name":"registry.terraform.io/hashicorp/aws","schema_version":1,"values":{"assign_ipv6_address_on_creation":false,"availability_zone":"us-west-2c","cidr_block":"10.0.4.0/24","customer_owned_ipv4_pool":null,"enable_dns64":false,"enable_lni_at_device_index":null,"enable_resource_name_dns_a_record_on_launch":false,"enable_resource_name_dns_aaaa_record_on_launch":false,"ipv6_cidr_block":null,"ipv6_native":false,"map_customer_owned_ip_on_launch":null,"map_public_ip_on_launch":false,"outpost_arn":null,"tags":{"Name":"dev_terraform_vpc_private2_subnet_az2"},"tags_all":{"Name":"dev_terraform_vpc_private2_subnet_az2"},"timeouts":null},"sensitive_values":{"tags":{},"tags_all":{}}},{"address":"aws_subnet.devVPC_public_subnet1","mode":"managed","type":"aws_subnet","name":"devVPC_public_subnet1","provider_name":"registry.terraform.io/hashicorp/aws","schema_version":1,"values":{"assign_ipv6_address_on_creation":false,"availability_zone":"us-west-2b","cidr_block":"10.0.1.0/24","customer_owned_ipv4_pool":null,"enable_dns64":false,"enable_lni_at_device_index":null,"enable_resource_name_dns_a_record_on_launch":false,"enable_resource_name_dns_aaaa_record_on_launch":false,"ipv6_cidr_block":null,"ipv6_native":false,"map_customer_owned_ip_on_launch":null,"map_public_ip_on_launch":true,"outpost_arn":null,"tags":{"Name":"dev_terraform_vpc_public1_subnet_az1"},"tags_all":{"Name":"dev_terraform_vpc_public1_subnet_az1"},"timeouts":null},"sensitive_values":{"tags":{},"tags_all":{}}},{"address":"aws_subnet.devVPC_public_subnet2","mode":"managed","type":"aws_subnet","name":"devVPC_public_subnet2","provider_name":"registry.terraform.io/hashicorp/aws","schema_version":1,"values":{"assign_ipv6_address_on_creation":false,"availability_zone":"us-west-2c","cidr_block":"10.0.3.0/24","customer_owned_ipv4_pool":null,"enable_dns64":false,"enable_lni_at_device_index":null,"enable_resource_name_dns_a_record_on_launch":false,"enable_resource_name_dns_aaaa_record_on_launch":false,"ipv6_cidr_block":null,"ipv6_native":false,"map_customer_owned_ip_on_launch":null,"map_public_ip_on_launch":true,"outpost_arn":null,"tags":{"Name":"dev_terraform_vpc_public1_subnet_az2"},"tags_all":{"Name":"dev_terraform_vpc_public1_subnet_az2"},"timeouts":null},"sensitive_values":{"tags":{},"tags_all":{}}},{"address":"aws_vpc.devVPC","mode":"managed","type":"aws_vpc","name":"devVPC","provider_name":"registry.terraform.io/hashicorp/aws","schema_version":1,"values":{"assign_generated_ipv6_cidr_block":null,"cidr_block":"10.0.0.0/16","enable_dns_hostnames":true,"enable_dns_support":true,"instance_tenancy":"default","ipv4_ipam_pool_id":null,"ipv4_netmask_length":null,"ipv6_ipam_pool_id":null,"ipv6_netmask_length":null,"tags":{"Name":"dev_terraform18_vpc"},"tags_all":{"Name":"dev_terraform18_vpc"}},"sensitive_values":{"tags":{},"tags_all":{}}}]}},"resource_drift":[{"address":"aws_autoscaling_group.devVPC_auto_scaling_group","mode":"managed","type":"aws_autoscaling_group","name":"devVPC_auto_scaling_group","provider_name":"registry.terraform.io/hashicorp/aws","change":{"actions":["delete"],"before":{"arn":"arn:aws:autoscaling:us-west-2:472058926441:autoScalingGroup:9d73508a-7b90-4fab-9a88-8ff1c23047b6:autoScalingGroupName/terraform-20230720161836017900000001","availability_zones":["us-west-2b"],"capacity_rebalance":false,"context":"","default_cooldown":300,"default_instance_warmup":0,"desired_capacity":2,"desired_capacity_type":"","enabled_metrics":[],"force_delete":false,"force_delete_warm_pool":false,"health_check_grace_period":300,"health_check_type":"EC2","id":"terraform-20230720161836017900000001","initial_lifecycle_hook":[],"instance_refresh":[],"launch_configuration":"devVPC-lc","launch_template":[],"load_balancers":[],"max_instance_lifetime":0,"max_size":4,"metrics_granularity":"1Minute","min_elb_capacity":null,"min_size":1,"mixed_instances_policy":[],"name":"terraform-20230720161836017900000001","name_prefix":"terraform-","placement_group":"","predicted_capacity":0,"protect_from_scale_in":false,"service_linked_role_arn":"arn:aws:iam::472058926441:role/aws-service-role/autoscaling.amazonaws.com/AWSServiceRoleForAutoScaling","suspended_processes":[],"tag":[{"key":"Name","propagate_at_launch":true,"value":"terraform18_ec2_asg"}],"target_group_arns":["arn:aws:elasticloadbalancing:us-west-2:472058926441:targetgroup/devVPC-target-group/6806e8b287552ca0"],"termination_policies":[],"timeouts":null,"traffic_source":[{"identifier":"arn:aws:elasticloadbalancing:us-west-2:472058926441:targetgroup/devVPC-target-group/6806e8b287552ca0","type":"elbv2"}],"vpc_zone_identifier":["subnet-05a69edc1adb14924"],"wait_for_capacity_timeout":"10m","wait_for_elb_capacity":null,"warm_pool":[],"warm_pool_size":0},"after":null,"after_unknown":{},"before_sensitive":{"availability_zones":[false],"enabled_metrics":[],"initial_lifecycle_hook":[],"instance_refresh":[],"launch_template":[],"load_balancers":[],"mixed_instances_policy":[],"suspended_processes":[],"tag":[{}],"target_group_arns":[false],"termination_policies":[],"traffic_source":[{}],"vpc_zone_identifier":[false],"warm_pool":[]},"after_sensitive":false}},{"address":"aws_internet_gateway.devVPC_IGW","mode":"managed","type":"aws_internet_gateway","name":"devVPC_IGW","provider_name":"registry.terraform.io/hashicorp/aws","change":{"actions":["delete"],"before":{"arn":"arn:aws:ec2:us-west-2:472058926441:internet-gateway/igw-0eb83ac33c1d266d8","id":"igw-0eb83ac33c1d266d8","owner_id":"472058926441","tags":{"Name":"dev_terraform_vpc_igw"},"tags_all":{"Name":"dev_terraform_vpc_igw"},"timeouts":null,"vpc_id":"vpc-07cf59533b4049e82"},"after":null,"after_unknown":{},"before_sensitive":{"tags":{},"tags_all":{}},"after_sensitive":false}},{"address":"aws_launch_configuration.devVPC_launch_configuration","mode":"managed","type":"aws_launch_configuration","name":"devVPC_launch_configuration","provider_name":"registry.terraform.io/hashicorp/aws","change":{"actions":["delete"],"before":{"arn":"arn:aws:autoscaling:us-west-2:472058926441:launchConfiguration:361b2ccc-6436-4875-ad75-22ce89c63677:launchConfigurationName/devVPC-lc","associate_public_ip_address":false,"ebs_block_device":[],"ebs_optimized":false,"enable_monitoring":true,"ephemeral_block_device":[],"iam_instance_profile":"","id":"devVPC-lc","image_id":"ami-04d0def24be0d27d6","instance_type":"t2.micro","key_name":"","metadata_options":[],"name":"devVPC-lc","name_prefix":"","placement_tenancy":"","root_block_device":[],"security_groups":["sg-08de13555b799c1fb"],"spot_price":"","user_data":"1837399d6acaae34e62097ccae53f0687bc5e75b","user_data_base64":null},"after":null,"after_unknown":{},"before_sensitive":{"ebs_block_device":[],"ephemeral_block_device":[],"metadata_options":[],"root_block_device":[],"security_groups":[false]},"after_sensitive":false}},{"address":"aws_lb.devVPC_application_load_balancer","mode":"managed","type":"aws_lb","name":"devVPC_application_load_balancer","provider_name":"registry.terraform.io/hashicorp/aws","change":{"actions":["delete"],"before":{"access_logs":[{"bucket":"","enabled":false,"prefix":""}],"arn":"arn:aws:elasticloadbalancing:us-west-2:472058926441:loadbalancer/app/devVPC-app-load-balancer/75b1c4c83ee4d31e","arn_suffix":"app/devVPC-app-load-balancer/75b1c4c83ee4d31e","customer_owned_ipv4_pool":"","desync_mitigation_mode":"defensive","dns_name":"devVPC-app-load-balancer-1017793148.us-west-2.elb.amazonaws.com","drop_invalid_header_fields":false,"enable_cross_zone_load_balancing":true,"enable_deletion_protection":false,"enable_http2":true,"enable_tls_version_and_cipher_suite_headers":false,"enable_waf_fail_open":false,"enable_xff_client_port":false,"id":"arn:aws:elasticloadbalancing:us-west-2:472058926441:loadbalancer/app/devVPC-app-load-balancer/75b1c4c83ee4d31e","idle_timeout":60,"internal":false,"ip_address_type":"ipv4","load_balancer_type":"application","name":"devVPC-app-load-balancer","name_prefix":null,"preserve_host_header":false,"security_groups":["sg-08de13555b799c1fb"],"subnet_mapping":[{"allocation_id":"","ipv6_address":"","outpost_id":"","private_ipv4_address":"","subnet_id":"subnet-05a69edc1adb14924"},{"allocation_id":"","ipv6_address":"","outpost_id":"","private_ipv4_address":"","subnet_id":"subnet-0acb4e91627ec112e"}],"subnets":["subnet-05a69edc1adb14924","subnet-0acb4e91627ec112e"],"tags":{"Environment":"production","Name":"devVPC-app-load-balancer"},"tags_all":{"Environment":"production","Name":"devVPC-app-load-balancer"},"timeouts":null,"vpc_id":"vpc-07cf59533b4049e82","xff_header_processing_mode":"append","zone_id":"Z1H1FL5HABSF5"},"after":null,"after_unknown":{},"before_sensitive":{"access_logs":[{}],"security_groups":[false],"subnet_mapping":[{},{}],"subnets":[false,false],"tags":{},"tags_all":{}},"after_sensitive":false}},{"address":"aws_lb_listener.devVPC_listener","mode":"managed","type":"aws_lb_listener","name":"devVPC_listener","provider_name":"registry.terraform.io/hashicorp/aws","change":{"actions":["delete"],"before":{"alpn_policy":null,"arn":"arn:aws:elasticloadbalancing:us-west-2:472058926441:listener/app/devVPC-app-load-balancer/75b1c4c83ee4d31e/2374c26c35c70eff","certificate_arn":null,"default_action":[{"authenticate_cognito":[],"authenticate_oidc":[],"fixed_response":[],"forward":[],"order":1,"redirect":[],"target_group_arn":"arn:aws:elasticloadbalancing:us-west-2:472058926441:targetgroup/devVPC-target-group/6806e8b287552ca0","type":"forward"}],"id":"arn:aws:elasticloadbalancing:us-west-2:472058926441:listener/app/devVPC-app-load-balancer/75b1c4c83ee4d31e/2374c26c35c70eff","load_balancer_arn":"arn:aws:elasticloadbalancing:us-west-2:472058926441:loadbalancer/app/devVPC-app-load-balancer/75b1c4c83ee4d31e","port":80,"protocol":"HTTP","ssl_policy":"","tags":{},"tags_all":{},"timeouts":null},"after":null,"after_unknown":{},"before_sensitive":{"default_action":[{"authenticate_cognito":[],"authenticate_oidc":[],"fixed_response":[],"forward":[],"redirect":[]}],"tags":{},"tags_all":{}},"after_sensitive":false}},{"address":"aws_lb_target_group.devVPC_target_group","mode":"managed","type":"aws_lb_target_group","name":"devVPC_target_group","provider_name":"registry.terraform.io/hashicorp/aws","change":{"actions":["delete"],"before":{"arn":"arn:aws:elasticloadbalancing:us-west-2:472058926441:targetgroup/devVPC-target-group/6806e8b287552ca0","arn_suffix":"targetgroup/devVPC-target-group/6806e8b287552ca0","connection_termination":false,"deregistration_delay":"300","health_check":[{"enabled":true,"healthy_threshold":5,"interval":30,"matcher":"200","path":"/","port":"traffic-port","protocol":"HTTP","timeout":5,"unhealthy_threshold":2}],"id":"arn:aws:elasticloadbalancing:us-west-2:472058926441:targetgroup/devVPC-target-group/6806e8b287552ca0","ip_address_type":"ipv4","lambda_multi_value_headers_enabled":false,"load_balancing_algorithm_type":"round_robin","load_balancing_cross_zone_enabled":"use_load_balancer_configuration","name":"devVPC-target-group","name_prefix":null,"port":80,"preserve_client_ip":null,"protocol":"HTTP","protocol_version":"HTTP1","proxy_protocol_v2":false,"slow_start":0,"stickiness":[{"cookie_duration":86400,"cookie_name":"","enabled":false,"type":"lb_cookie"}],"tags":{},"tags_all":{},"target_failover":[{"on_deregistration":null,"on_unhealthy":null}],"target_type":"instance","vpc_id":"vpc-07cf59533b4049e82"},"after":null,"after_unknown":{},"before_sensitive":{"health_check":[{}],"stickiness":[{}],"tags":{},"tags_all":{},"target_failover":[{}]},"after_sensitive":false}},{"address":"aws_route_table.devVPC_public_route","mode":"managed","type":"aws_route_table","name":"devVPC_public_route","provider_name":"registry.terraform.io/hashicorp/aws","change":{"actions":["delete"],"before":{"arn":"arn:aws:ec2:us-west-2:472058926441:route-table/rtb-0126f948b025ddc5f","id":"rtb-0126f948b025ddc5f","owner_id":"472058926441","propagating_vgws":[],"route":[{"carrier_gateway_id":"","cidr_block":"0.0.0.0/0","core_network_arn":"","destination_prefix_list_id":"","egress_only_gateway_id":"","gateway_id":"igw-0eb83ac33c1d266d8","ipv6_cidr_block":"","local_gateway_id":"","nat_gateway_id":"","network_interface_id":"","transit_gateway_id":"","vpc_endpoint_id":"","vpc_peering_connection_id":""}],"tags":{"Name":"dev_terraform_vpc_public_route"},"tags_all":{"Name":"dev_terraform_vpc_public_route"},"timeouts":null,"vpc_id":"vpc-07cf59533b4049e82"},"after":null,"after_unknown":{},"before_sensitive":{"propagating_vgws":[],"route":[{}],"tags":{},"tags_all":{}},"after_sensitive":false}},{"address":"aws_route_table_association.public_subnet_association1","mode":"managed","type":"aws_route_table_association","name":"public_subnet_association1","provider_name":"registry.terraform.io/hashicorp/aws","change":{"actions":["delete"],"before":{"gateway_id":"","id":"rtbassoc-0071249bddf8f88a6","route_table_id":"rtb-0126f948b025ddc5f","subnet_id":"subnet-05a69edc1adb14924","timeouts":null},"after":null,"after_unknown":{},"before_sensitive":{},"after_sensitive":false}},{"address":"aws_route_table_association.public_subnet_association2","mode":"managed","type":"aws_route_table_association","name":"public_subnet_association2","provider_name":"registry.terraform.io/hashicorp/aws","change":{"actions":["delete"],"before":{"gateway_id":"","id":"rtbassoc-0856abc6c1c0925e9","route_table_id":"rtb-0126f948b025ddc5f","subnet_id":"subnet-0acb4e91627ec112e","timeouts":null},"after":null,"after_unknown":{},"before_sensitive":{},"after_sensitive":false}},{"address":"aws_security_group.devVPC_sg_allow_ssh_http","mode":"managed","type":"aws_security_group","name":"devVPC_sg_allow_ssh_http","provider_name":"registry.terraform.io/hashicorp/aws","change":{"actions":["delete"],"before":{"arn":"arn:aws:ec2:us-west-2:472058926441:security-group/sg-08de13555b799c1fb","description":"Managed by Terraform","egress":[{"cidr_blocks":["0.0.0.0/0"],"description":"","from_port":0,"ipv6_cidr_blocks":[],"prefix_list_ids":[],"protocol":"-1","security_groups":[],"self":false,"to_port":0}],"id":"sg-08de13555b799c1fb","ingress":[{"cidr_blocks":["0.0.0.0/0"],"description":"","from_port":22,"ipv6_cidr_blocks":[],"prefix_list_ids":[],"protocol":"tcp","security_groups":[],"self":false,"to_port":22},{"cidr_blocks":["0.0.0.0/0"],"description":"","from_port":8080,"ipv6_cidr_blocks":[],"prefix_list_ids":[],"protocol":"tcp","security_groups":[],"self":false,"to_port":8080},{"cidr_blocks":["0.0.0.0/0"],"description":"","from_port":80,"ipv6_cidr_blocks":[],"prefix_list_ids":[],"protocol":"tcp","security_groups":[],"self":false,"to_port":80}],"name":"devVPC_terraform_vpc_allow_ssh_http","name_prefix":"","owner_id":"472058926441","revoke_rules_on_delete":false,"tags":{"Name":"devVPC_terraform_sg_allow_ssh_http"},"tags_all":{"Name":"devVPC_terraform_sg_allow_ssh_http"},"timeouts":null,"vpc_id":"vpc-07cf59533b4049e82"},"after":null,"after_unknown":{},"before_sensitive":{"egress":[{"cidr_blocks":[false],"ipv6_cidr_blocks":[],"prefix_list_ids":[],"security_groups":[]}],"ingress":[{"cidr_blocks":[false],"ipv6_cidr_blocks":[],"prefix_list_ids":[],"security_groups":[]},{"cidr_blocks":[false],"ipv6_cidr_blocks":[],"prefix_list_ids":[],"security_groups":[]},{"cidr_blocks":[false],"ipv6_cidr_blocks":[],"prefix_list_ids":[],"security_groups":[]}],"tags":{},"tags_all":{}},"after_sensitive":false}},{"address":"aws_security_group_rule.devVPC_egress_access","mode":"managed","type":"aws_security_group_rule","name":"devVPC_egress_access","provider_name":"registry.terraform.io/hashicorp/aws","change":{"actions":["delete"],"before":{"cidr_blocks":["0.0.0.0/0"],"description":"","from_port":0,"id":"sgrule-1861475545","ipv6_cidr_blocks":null,"prefix_list_ids":null,"protocol":"-1","security_group_id":"sg-08de13555b799c1fb","security_group_rule_id":"sgr-08ca93727266a13fa","self":false,"source_security_group_id":null,"timeouts":null,"to_port":0,"type":"egress"},"after":null,"after_unknown":{},"before_sensitive":{"cidr_blocks":[false]},"after_sensitive":false}},{"address":"aws_security_group_rule.devVPC_http8080_ingress_access","mode":"managed","type":"aws_security_group_rule","name":"devVPC_http8080_ingress_access","provider_name":"registry.terraform.io/hashicorp/aws","change":{"actions":["delete"],"before":{"cidr_blocks":["0.0.0.0/0"],"description":"","from_port":8080,"id":"sgrule-3837165980","ipv6_cidr_blocks":null,"prefix_list_ids":null,"protocol":"tcp","security_group_id":"sg-08de13555b799c1fb","security_group_rule_id":"sgr-0ac7eb63d6eaefaa7","self":false,"source_security_group_id":null,"timeouts":null,"to_port":8080,"type":"ingress"},"after":null,"after_unknown":{},"before_sensitive":{"cidr_blocks":[false]},"after_sensitive":false}},{"address":"aws_security_group_rule.devVPC_http_ingress_access","mode":"managed","type":"aws_security_group_rule","name":"devVPC_http_ingress_access","provider_name":"registry.terraform.io/hashicorp/aws","change":{"actions":["delete"],"before":{"cidr_blocks":["0.0.0.0/0"],"description":"","from_port":80,"id":"sgrule-1006035622","ipv6_cidr_blocks":null,"prefix_list_ids":null,"protocol":"tcp","security_group_id":"sg-08de13555b799c1fb","security_group_rule_id":"sgr-003537e9005e0a85b","self":false,"source_security_group_id":null,"timeouts":null,"to_port":80,"type":"ingress"},"after":null,"after_unknown":{},"before_sensitive":{"cidr_blocks":[false]},"after_sensitive":false}},{"address":"aws_security_group_rule.devVPC_ssh_ingress_access","mode":"managed","type":"aws_security_group_rule","name":"devVPC_ssh_ingress_access","provider_name":"registry.terraform.io/hashicorp/aws","change":{"actions":["delete"],"before":{"cidr_blocks":["0.0.0.0/0"],"description":"","from_port":22,"id":"sgrule-2373762835","ipv6_cidr_blocks":null,"prefix_list_ids":null,"protocol":"tcp","security_group_id":"sg-08de13555b799c1fb","security_group_rule_id":"sgr-00e5b91f90e7dd4ec","self":false,"source_security_group_id":null,"timeouts":null,"to_port":22,"type":"ingress"},"after":null,"after_unknown":{},"before_sensitive":{"cidr_blocks":[false]},"after_sensitive":false}},{"address":"aws_subnet.devVPC_private_subnet1","mode":"managed","type":"aws_subnet","name":"devVPC_private_subnet1","provider_name":"registry.terraform.io/hashicorp/aws","change":{"actions":["delete"],"before":{"arn":"arn:aws:ec2:us-west-2:472058926441:subnet/subnet-0bbfbfa129554928b","assign_ipv6_address_on_creation":false,"availability_zone":"us-west-2b","availability_zone_id":"usw2-az2","cidr_block":"10.0.2.0/24","customer_owned_ipv4_pool":"","enable_dns64":false,"enable_lni_at_device_index":0,"enable_resource_name_dns_a_record_on_launch":false,"enable_resource_name_dns_aaaa_record_on_launch":false,"id":"subnet-0bbfbfa129554928b","ipv6_cidr_block":"","ipv6_cidr_block_association_id":"","ipv6_native":false,"map_customer_owned_ip_on_launch":false,"map_public_ip_on_launch":false,"outpost_arn":"","owner_id":"472058926441","private_dns_hostname_type_on_launch":"ip-name","tags":{"Name":"dev_terraform_vpc_private2_subnet_az1"},"tags_all":{"Name":"dev_terraform_vpc_private2_subnet_az1"},"timeouts":null,"vpc_id":"vpc-07cf59533b4049e82"},"after":null,"after_unknown":{},"before_sensitive":{"tags":{},"tags_all":{}},"after_sensitive":false}},{"address":"aws_subnet.devVPC_private_subnet2","mode":"managed","type":"aws_subnet","name":"devVPC_private_subnet2","provider_name":"registry.terraform.io/hashicorp/aws","change":{"actions":["delete"],"before":{"arn":"arn:aws:ec2:us-west-2:472058926441:subnet/subnet-0e557f409c077842f","assign_ipv6_address_on_creation":false,"availability_zone":"us-west-2c","availability_zone_id":"usw2-az3","cidr_block":"10.0.4.0/24","customer_owned_ipv4_pool":"","enable_dns64":false,"enable_lni_at_device_index":0,"enable_resource_name_dns_a_record_on_launch":false,"enable_resource_name_dns_aaaa_record_on_launch":false,"id":"subnet-0e557f409c077842f","ipv6_cidr_block":"","ipv6_cidr_block_association_id":"","ipv6_native":false,"map_customer_owned_ip_on_launch":false,"map_public_ip_on_launch":false,"outpost_arn":"","owner_id":"472058926441","private_dns_hostname_type_on_launch":"ip-name","tags":{"Name":"dev_terraform_vpc_private2_subnet_az2"},"tags_all":{"Name":"dev_terraform_vpc_private2_subnet_az2"},"timeouts":null,"vpc_id":"vpc-07cf59533b4049e82"},"after":null,"after_unknown":{},"before_sensitive":{"tags":{},"tags_all":{}},"after_sensitive":false}},{"address":"aws_subnet.devVPC_public_subnet1","mode":"managed","type":"aws_subnet","name":"devVPC_public_subnet1","provider_name":"registry.terraform.io/hashicorp/aws","change":{"actions":["delete"],"before":{"arn":"arn:aws:ec2:us-west-2:472058926441:subnet/subnet-05a69edc1adb14924","assign_ipv6_address_on_creation":false,"availability_zone":"us-west-2b","availability_zone_id":"usw2-az2","cidr_block":"10.0.1.0/24","customer_owned_ipv4_pool":"","enable_dns64":false,"enable_lni_at_device_index":0,"enable_resource_name_dns_a_record_on_launch":false,"enable_resource_name_dns_aaaa_record_on_launch":false,"id":"subnet-05a69edc1adb14924","ipv6_cidr_block":"","ipv6_cidr_block_association_id":"","ipv6_native":false,"map_customer_owned_ip_on_launch":false,"map_public_ip_on_launch":true,"outpost_arn":"","owner_id":"472058926441","private_dns_hostname_type_on_launch":"ip-name","tags":{"Name":"dev_terraform_vpc_public1_subnet_az1"},"tags_all":{"Name":"dev_terraform_vpc_public1_subnet_az1"},"timeouts":null,"vpc_id":"vpc-07cf59533b4049e82"},"after":null,"after_unknown":{},"before_sensitive":{"tags":{},"tags_all":{}},"after_sensitive":false}},{"address":"aws_subnet.devVPC_public_subnet2","mode":"managed","type":"aws_subnet","name":"devVPC_public_subnet2","provider_name":"registry.terraform.io/hashicorp/aws","change":{"actions":["delete"],"before":{"arn":"arn:aws:ec2:us-west-2:472058926441:subnet/subnet-0acb4e91627ec112e","assign_ipv6_address_on_creation":false,"availability_zone":"us-west-2c","availability_zone_id":"usw2-az3","cidr_block":"10.0.3.0/24","customer_owned_ipv4_pool":"","enable_dns64":false,"enable_lni_at_device_index":0,"enable_resource_name_dns_a_record_on_launch":false,"enable_resource_name_dns_aaaa_record_on_launch":false,"id":"subnet-0acb4e91627ec112e","ipv6_cidr_block":"","ipv6_cidr_block_association_id":"","ipv6_native":false,"map_customer_owned_ip_on_launch":false,"map_public_ip_on_launch":true,"outpost_arn":"","owner_id":"472058926441","private_dns_hostname_type_on_launch":"ip-name","tags":{"Name":"dev_terraform_vpc_public1_subnet_az2"},"tags_all":{"Name":"dev_terraform_vpc_public1_subnet_az2"},"timeouts":null,"vpc_id":"vpc-07cf59533b4049e82"},"after":null,"after_unknown":{},"before_sensitive":{"tags":{},"tags_all":{}},"after_sensitive":false}},{"address":"aws_vpc.devVPC","mode":"managed","type":"aws_vpc","name":"devVPC","provider_name":"registry.terraform.io/hashicorp/aws","change":{"actions":["delete"],"before":{"arn":"arn:aws:ec2:us-west-2:472058926441:vpc/vpc-07cf59533b4049e82","assign_generated_ipv6_cidr_block":false,"cidr_block":"10.0.0.0/16","default_network_acl_id":"acl-02117f5e0d742a06c","default_route_table_id":"rtb-0e8dbcd0ef6adc8c4","default_security_group_id":"sg-0b738bde1dd6a3f6a","dhcp_options_id":"dopt-00d82e0f8e02fe18c","enable_dns_hostnames":true,"enable_dns_support":true,"enable_network_address_usage_metrics":false,"id":"vpc-07cf59533b4049e82","instance_tenancy":"default","ipv4_ipam_pool_id":null,"ipv4_netmask_length":null,"ipv6_association_id":"","ipv6_cidr_block":"","ipv6_cidr_block_network_border_group":"","ipv6_ipam_pool_id":"","ipv6_netmask_length":0,"main_route_table_id":"rtb-0e8dbcd0ef6adc8c4","owner_id":"472058926441","tags":{"Name":"dev_terraform18_vpc"},"tags_all":{"Name":"dev_terraform18_vpc"}},"after":null,"after_unknown":{},"before_sensitive":{"tags":{},"tags_all":{}},"after_sensitive":false}}],"resource_changes":[{"address":"aws_autoscaling_group.devVPC_auto_scaling_group","mode":"managed","type":"aws_autoscaling_group","name":"devVPC_auto_scaling_group","provider_name":"registry.terraform.io/hashicorp/aws","change":{"actions":["create"],"before":null,"after":{"capacity_rebalance":null,"context":null,"default_instance_warmup":null,"desired_capacity":2,"desired_capacity_type":null,"enabled_metrics":null,"force_delete":false,"force_delete_warm_pool":false,"health_check_grace_period":300,"initial_lifecycle_hook":[],"instance_refresh":[],"launch_template":[],"max_instance_lifetime":null,"max_size":4,"metrics_granularity":"1Minute","min_elb_capacity":null,"min_size":1,"mixed_instances_policy":[],"placement_group":null,"protect_from_scale_in":false,"suspended_processes":null,"tag":[{"key":"Name","propagate_at_launch":true,"value":"terraform18_ec2_asg"}],"termination_policies":null,"timeouts":null,"wait_for_capacity_timeout":"10m","wait_for_elb_capacity":null,"warm_pool":[]},"after_unknown":{"arn":true,"availability_zones":true,"default_cooldown":true,"health_check_type":true,"id":true,"initial_lifecycle_hook":[],"instance_refresh":[],"launch_configuration":true,"launch_template":[],"load_balancers":true,"mixed_instances_policy":[],"name":true,"name_prefix":true,"predicted_capacity":true,"service_linked_role_arn":true,"tag":[{}],"target_group_arns":true,"traffic_source":true,"vpc_zone_identifier":true,"warm_pool":[],"warm_pool_size":true},"before_sensitive":false,"after_sensitive":{"availability_zones":[],"initial_lifecycle_hook":[],"instance_refresh":[],"launch_template":[],"load_balancers":[],"mixed_instances_policy":[],"tag":[{}],"target_group_arns":[],"traffic_source":[],"vpc_zone_identifier":[],"warm_pool":[]}}},{"address":"aws_internet_gateway.devVPC_IGW","mode":"managed","type":"aws_internet_gateway","name":"devVPC_IGW","provider_name":"registry.terraform.io/hashicorp/aws","change":{"actions":["create"],"before":null,"after":{"tags":{"Name":"dev_terraform_vpc_igw"},"tags_all":{"Name":"dev_terraform_vpc_igw"},"timeouts":null},"after_unknown":{"arn":true,"id":true,"owner_id":true,"tags":{},"tags_all":{},"vpc_id":true},"before_sensitive":false,"after_sensitive":{"tags":{},"tags_all":{}}}},{"address":"aws_launch_configuration.devVPC_launch_configuration","mode":"managed","type":"aws_launch_configuration","name":"devVPC_launch_configuration","provider_name":"registry.terraform.io/hashicorp/aws","change":{"actions":["create"],"before":null,"after":{"enable_monitoring":true,"ephemeral_block_device":[],"iam_instance_profile":null,"image_id":"ami-04d0def24be0d27d6","instance_type":"t2.micro","name":"devVPC-lc","placement_tenancy":null,"spot_price":null,"user_data":"1837399d6acaae34e62097ccae53f0687bc5e75b","user_data_base64":null},"after_unknown":{"arn":true,"associate_public_ip_address":true,"ebs_block_device":true,"ebs_optimized":true,"ephemeral_block_device":[],"id":true,"key_name":true,"metadata_options":true,"name_prefix":true,"root_block_device":true,"security_groups":true},"before_sensitive":false,"after_sensitive":{"ebs_block_device":[],"ephemeral_block_device":[],"metadata_options":[],"root_block_device":[],"security_groups":[]}}},{"address":"aws_lb.devVPC_application_load_balancer","mode":"managed","type":"aws_lb","name":"devVPC_application_load_balancer","provider_name":"registry.terraform.io/hashicorp/aws","change":{"actions":["create"],"before":null,"after":{"access_logs":[],"customer_owned_ipv4_pool":null,"desync_mitigation_mode":"defensive","drop_invalid_header_fields":false,"enable_cross_zone_load_balancing":null,"enable_deletion_protection":false,"enable_http2":true,"enable_tls_version_and_cipher_suite_headers":false,"enable_waf_fail_open":false,"enable_xff_client_port":false,"idle_timeout":60,"internal":false,"load_balancer_type":"application","name":"devVPC-app-load-balancer","name_prefix":null,"preserve_host_header":false,"tags":{"Environment":"production","Name":"devVPC-app-load-balancer"},"tags_all":{"Environment":"production","Name":"devVPC-app-load-balancer"},"timeouts":null,"xff_header_processing_mode":"append"},"after_unknown":{"access_logs":[],"arn":true,"arn_suffix":true,"dns_name":true,"id":true,"ip_address_type":true,"security_groups":true,"subnet_mapping":true,"subnets":true,"tags":{},"tags_all":{},"vpc_id":true,"zone_id":true},"before_sensitive":false,"after_sensitive":{"access_logs":[],"security_groups":[],"subnet_mapping":[],"subnets":[],"tags":{},"tags_all":{}}}},{"address":"aws_lb_listener.devVPC_listener","mode":"managed","type":"aws_lb_listener","name":"devVPC_listener","provider_name":"registry.terraform.io/hashicorp/aws","change":{"actions":["create"],"before":null,"after":{"alpn_policy":null,"certificate_arn":null,"default_action":[{"authenticate_cognito":[],"authenticate_oidc":[],"fixed_response":[],"forward":[],"redirect":[],"type":"forward"}],"port":80,"protocol":"HTTP","tags":null,"timeouts":null},"after_unknown":{"arn":true,"default_action":[{"authenticate_cognito":[],"authenticate_oidc":[],"fixed_response":[],"forward":[],"order":true,"redirect":[],"target_group_arn":true}],"id":true,"load_balancer_arn":true,"ssl_policy":true,"tags_all":true},"before_sensitive":false,"after_sensitive":{"default_action":[{"authenticate_cognito":[],"authenticate_oidc":[],"fixed_response":[],"forward":[],"redirect":[]}],"tags_all":{}}}},{"address":"aws_lb_target_group.devVPC_target_group","mode":"managed","type":"aws_lb_target_group","name":"devVPC_target_group","provider_name":"registry.terraform.io/hashicorp/aws","change":{"actions":["create"],"before":null,"after":{"connection_termination":false,"deregistration_delay":"300","lambda_multi_value_headers_enabled":false,"name":"devVPC-target-group","name_prefix":null,"port":80,"protocol":"HTTP","proxy_protocol_v2":false,"slow_start":0,"tags":null,"target_type":"instance"},"after_unknown":{"arn":true,"arn_suffix":true,"health_check":true,"id":true,"ip_address_type":true,"load_balancing_algorithm_type":true,"load_balancing_cross_zone_enabled":true,"preserve_client_ip":true,"protocol_version":true,"stickiness":true,"tags_all":true,"target_failover":true,"vpc_id":true},"before_sensitive":false,"after_sensitive":{"health_check":[],"stickiness":[],"tags_all":{},"target_failover":[]}}},{"address":"aws_route_table.devVPC_public_route","mode":"managed","type":"aws_route_table","name":"devVPC_public_route","provider_name":"registry.terraform.io/hashicorp/aws","change":{"actions":["create"],"before":null,"after":{"route":[{"carrier_gateway_id":"","cidr_block":"0.0.0.0/0","core_network_arn":"","destination_prefix_list_id":"","egress_only_gateway_id":"","ipv6_cidr_block":"","local_gateway_id":"","nat_gateway_id":"","network_interface_id":"","transit_gateway_id":"","vpc_endpoint_id":"","vpc_peering_connection_id":""}],"tags":{"Name":"dev_terraform_vpc_public_route"},"tags_all":{"Name":"dev_terraform_vpc_public_route"},"timeouts":null},"after_unknown":{"arn":true,"id":true,"owner_id":true,"propagating_vgws":true,"route":[{"gateway_id":true}],"tags":{},"tags_all":{},"vpc_id":true},"before_sensitive":false,"after_sensitive":{"propagating_vgws":[],"route":[{}],"tags":{},"tags_all":{}}}},{"address":"aws_route_table_association.public_subnet_association1","mode":"managed","type":"aws_route_table_association","name":"public_subnet_association1","provider_name":"registry.terraform.io/hashicorp/aws","change":{"actions":["create"],"before":null,"after":{"gateway_id":null,"timeouts":null},"after_unknown":{"id":true,"route_table_id":true,"subnet_id":true},"before_sensitive":false,"after_sensitive":{}}},{"address":"aws_route_table_association.public_subnet_association2","mode":"managed","type":"aws_route_table_association","name":"public_subnet_association2","provider_name":"registry.terraform.io/hashicorp/aws","change":{"actions":["create"],"before":null,"after":{"gateway_id":null,"timeouts":null},"after_unknown":{"id":true,"route_table_id":true,"subnet_id":true},"before_sensitive":false,"after_sensitive":{}}},{"address":"aws_security_group.devVPC_sg_allow_ssh_http","mode":"managed","type":"aws_security_group","name":"devVPC_sg_allow_ssh_http","provider_name":"registry.terraform.io/hashicorp/aws","change":{"actions":["create"],"before":null,"after":{"description":"Managed by Terraform","name":"devVPC_terraform_vpc_allow_ssh_http","revoke_rules_on_delete":false,"tags":{"Name":"devVPC_terraform_sg_allow_ssh_http"},"tags_all":{"Name":"devVPC_terraform_sg_allow_ssh_http"},"timeouts":null},"after_unknown":{"arn":true,"egress":true,"id":true,"ingress":true,"name_prefix":true,"owner_id":true,"tags":{},"tags_all":{},"vpc_id":true},"before_sensitive":false,"after_sensitive":{"egress":[],"ingress":[],"tags":{},"tags_all":{}}}},{"address":"aws_security_group_rule.devVPC_egress_access","mode":"managed","type":"aws_security_group_rule","name":"devVPC_egress_access","provider_name":"registry.terraform.io/hashicorp/aws","change":{"actions":["create"],"before":null,"after":{"cidr_blocks":["0.0.0.0/0"],"description":null,"from_port":0,"ipv6_cidr_blocks":null,"prefix_list_ids":null,"protocol":"-1","self":false,"timeouts":null,"to_port":0,"type":"egress"},"after_unknown":{"cidr_blocks":[false],"id":true,"security_group_id":true,"security_group_rule_id":true,"source_security_group_id":true},"before_sensitive":false,"after_sensitive":{"cidr_blocks":[false]}}},{"address":"aws_security_group_rule.devVPC_http8080_ingress_access","mode":"managed","type":"aws_security_group_rule","name":"devVPC_http8080_ingress_access","provider_name":"registry.terraform.io/hashicorp/aws","change":{"actions":["create"],"before":null,"after":{"cidr_blocks":["0.0.0.0/0"],"description":null,"from_port":8080,"ipv6_cidr_blocks":null,"prefix_list_ids":null,"protocol":"tcp","self":false,"timeouts":null,"to_port":8080,"type":"ingress"},"after_unknown":{"cidr_blocks":[false],"id":true,"security_group_id":true,"security_group_rule_id":true,"source_security_group_id":true},"before_sensitive":false,"after_sensitive":{"cidr_blocks":[false]}}},{"address":"aws_security_group_rule.devVPC_http_ingress_access","mode":"managed","type":"aws_security_group_rule","name":"devVPC_http_ingress_access","provider_name":"registry.terraform.io/hashicorp/aws","change":{"actions":["create"],"before":null,"after":{"cidr_blocks":["0.0.0.0/0"],"description":null,"from_port":80,"ipv6_cidr_blocks":null,"prefix_list_ids":null,"protocol":"tcp","self":false,"timeouts":null,"to_port":80,"type":"ingress"},"after_unknown":{"cidr_blocks":[false],"id":true,"security_group_id":true,"security_group_rule_id":true,"source_security_group_id":true},"before_sensitive":false,"after_sensitive":{"cidr_blocks":[false]}}},{"address":"aws_security_group_rule.devVPC_ssh_ingress_access","mode":"managed","type":"aws_security_group_rule","name":"devVPC_ssh_ingress_access","provider_name":"registry.terraform.io/hashicorp/aws","change":{"actions":["create"],"before":null,"after":{"cidr_blocks":["0.0.0.0/0"],"description":null,"from_port":22,"ipv6_cidr_blocks":null,"prefix_list_ids":null,"protocol":"tcp","self":false,"timeouts":null,"to_port":22,"type":"ingress"},"after_unknown":{"cidr_blocks":[false],"id":true,"security_group_id":true,"security_group_rule_id":true,"source_security_group_id":true},"before_sensitive":false,"after_sensitive":{"cidr_blocks":[false]}}},{"address":"aws_subnet.devVPC_private_subnet1","mode":"managed","type":"aws_subnet","name":"devVPC_private_subnet1","provider_name":"registry.terraform.io/hashicorp/aws","change":{"actions":["create"],"before":null,"after":{"assign_ipv6_address_on_creation":false,"availability_zone":"us-west-2b","cidr_block":"10.0.2.0/24","customer_owned_ipv4_pool":null,"enable_dns64":false,"enable_lni_at_device_index":null,"enable_resource_name_dns_a_record_on_launch":false,"enable_resource_name_dns_aaaa_record_on_launch":false,"ipv6_cidr_block":null,"ipv6_native":false,"map_customer_owned_ip_on_launch":null,"map_public_ip_on_launch":false,"outpost_arn":null,"tags":{"Name":"dev_terraform_vpc_private2_subnet_az1"},"tags_all":{"Name":"dev_terraform_vpc_private2_subnet_az1"},"timeouts":null},"after_unknown":{"arn":true,"availability_zone_id":true,"id":true,"ipv6_cidr_block_association_id":true,"owner_id":true,"private_dns_hostname_type_on_launch":true,"tags":{},"tags_all":{},"vpc_id":true},"before_sensitive":false,"after_sensitive":{"tags":{},"tags_all":{}}}},{"address":"aws_subnet.devVPC_private_subnet2","mode":"managed","type":"aws_subnet","name":"devVPC_private_subnet2","provider_name":"registry.terraform.io/hashicorp/aws","change":{"actions":["create"],"before":null,"after":{"assign_ipv6_address_on_creation":false,"availability_zone":"us-west-2c","cidr_block":"10.0.4.0/24","customer_owned_ipv4_pool":null,"enable_dns64":false,"enable_lni_at_device_index":null,"enable_resource_name_dns_a_record_on_launch":false,"enable_resource_name_dns_aaaa_record_on_launch":false,"ipv6_cidr_block":null,"ipv6_native":false,"map_customer_owned_ip_on_launch":null,"map_public_ip_on_launch":false,"outpost_arn":null,"tags":{"Name":"dev_terraform_vpc_private2_subnet_az2"},"tags_all":{"Name":"dev_terraform_vpc_private2_subnet_az2"},"timeouts":null},"after_unknown":{"arn":true,"availability_zone_id":true,"id":true,"ipv6_cidr_block_association_id":true,"owner_id":true,"private_dns_hostname_type_on_launch":true,"tags":{},"tags_all":{},"vpc_id":true},"before_sensitive":false,"after_sensitive":{"tags":{},"tags_all":{}}}},{"address":"aws_subnet.devVPC_public_subnet1","mode":"managed","type":"aws_subnet","name":"devVPC_public_subnet1","provider_name":"registry.terraform.io/hashicorp/aws","change":{"actions":["create"],"before":null,"after":{"assign_ipv6_address_on_creation":false,"availability_zone":"us-west-2b","cidr_block":"10.0.1.0/24","customer_owned_ipv4_pool":null,"enable_dns64":false,"enable_lni_at_device_index":null,"enable_resource_name_dns_a_record_on_launch":false,"enable_resource_name_dns_aaaa_record_on_launch":false,"ipv6_cidr_block":null,"ipv6_native":false,"map_customer_owned_ip_on_launch":null,"map_public_ip_on_launch":true,"outpost_arn":null,"tags":{"Name":"dev_terraform_vpc_public1_subnet_az1"},"tags_all":{"Name":"dev_terraform_vpc_public1_subnet_az1"},"timeouts":null},"after_unknown":{"arn":true,"availability_zone_id":true,"id":true,"ipv6_cidr_block_association_id":true,"owner_id":true,"private_dns_hostname_type_on_launch":true,"tags":{},"tags_all":{},"vpc_id":true},"before_sensitive":false,"after_sensitive":{"tags":{},"tags_all":{}}}},{"address":"aws_subnet.devVPC_public_subnet2","mode":"managed","type":"aws_subnet","name":"devVPC_public_subnet2","provider_name":"registry.terraform.io/hashicorp/aws","change":{"actions":["create"],"before":null,"after":{"assign_ipv6_address_on_creation":false,"availability_zone":"us-west-2c","cidr_block":"10.0.3.0/24","customer_owned_ipv4_pool":null,"enable_dns64":false,"enable_lni_at_device_index":null,"enable_resource_name_dns_a_record_on_launch":false,"enable_resource_name_dns_aaaa_record_on_launch":false,"ipv6_cidr_block":null,"ipv6_native":false,"map_customer_owned_ip_on_launch":null,"map_public_ip_on_launch":true,"outpost_arn":null,"tags":{"Name":"dev_terraform_vpc_public1_subnet_az2"},"tags_all":{"Name":"dev_terraform_vpc_public1_subnet_az2"},"timeouts":null},"after_unknown":{"arn":true,"availability_zone_id":true,"id":true,"ipv6_cidr_block_association_id":true,"owner_id":true,"private_dns_hostname_type_on_launch":true,"tags":{},"tags_all":{},"vpc_id":true},"before_sensitive":false,"after_sensitive":{"tags":{},"tags_all":{}}}},{"address":"aws_vpc.devVPC","mode":"managed","type":"aws_vpc","name":"devVPC","provider_name":"registry.terraform.io/hashicorp/aws","change":{"actions":["create"],"before":null,"after":{"assign_generated_ipv6_cidr_block":null,"cidr_block":"10.0.0.0/16","enable_dns_hostnames":true,"enable_dns_support":true,"instance_tenancy":"default","ipv4_ipam_pool_id":null,"ipv4_netmask_length":null,"ipv6_ipam_pool_id":null,"ipv6_netmask_length":null,"tags":{"Name":"dev_terraform18_vpc"},"tags_all":{"Name":"dev_terraform18_vpc"}},"after_unknown":{"arn":true,"default_network_acl_id":true,"default_route_table_id":true,"default_security_group_id":true,"dhcp_options_id":true,"enable_network_address_usage_metrics":true,"id":true,"ipv6_association_id":true,"ipv6_cidr_block":true,"ipv6_cidr_block_network_border_group":true,"main_route_table_id":true,"owner_id":true,"tags":{},"tags_all":{}},"before_sensitive":false,"after_sensitive":{"tags":{},"tags_all":{}}}}],"output_changes":{"application_load_balancer_arn":{"actions":["update"],"before":"arn:aws:elasticloadbalancing:us-west-2:472058926441:loadbalancer/app/devVPC-app-load-balancer/75b1c4c83ee4d31e","after_unknown":true,"before_sensitive":false,"after_sensitive":false},"application_load_balancer_id":{"actions":["update"],"before":"arn:aws:elasticloadbalancing:us-west-2:472058926441:loadbalancer/app/devVPC-app-load-balancer/75b1c4c83ee4d31e","after_unknown":true,"before_sensitive":false,"after_sensitive":false},"auto_scaling_group_arn":{"actions":["update"],"before":"arn:aws:autoscaling:us-west-2:472058926441:autoScalingGroup:9d73508a-7b90-4fab-9a88-8ff1c23047b6:autoScalingGroupName/terraform-20230720161836017900000001","after_unknown":true,"before_sensitive":false,"after_sensitive":false},"auto_scaling_group_id":{"actions":["update"],"before":"terraform-20230720161836017900000001","after_unknown":true,"before_sensitive":false,"after_sensitive":false},"aws_internet_gateway":{"actions":["update"],"before":"igw-0eb83ac33c1d266d8","after_unknown":true,"before_sensitive":false,"after_sensitive":false},"launch_configuration_id":{"actions":["update"],"before":"devVPC-lc","after_unknown":true,"before_sensitive":false,"after_sensitive":false},"launch_configuration_name":{"actions":["no-op"],"before":"devVPC-lc","after":"devVPC-lc","after_unknown":false,"before_sensitive":false,"after_sensitive":false},"public_subnet1":{"actions":["update"],"before":"subnet-05a69edc1adb14924","after_unknown":true,"before_sensitive":false,"after_sensitive":false},"public_subnet2":{"actions":["update"],"before":"subnet-0acb4e91627ec112e","after_unknown":true,"before_sensitive":false,"after_sensitive":false},"security_group":{"actions":["update"],"before":{"arn":"arn:aws:ec2:us-west-2:472058926441:security-group/sg-08de13555b799c1fb","description":"Managed by Terraform","egress":[{"cidr_blocks":["0.0.0.0/0"],"description":"","from_port":0,"ipv6_cidr_blocks":[],"prefix_list_ids":[],"protocol":"-1","security_groups":[],"self":false,"to_port":0}],"id":"sg-08de13555b799c1fb","ingress":[{"cidr_blocks":["0.0.0.0/0"],"description":"","from_port":22,"ipv6_cidr_blocks":[],"prefix_list_ids":[],"protocol":"tcp","security_groups":[],"self":false,"to_port":22},{"cidr_blocks":["0.0.0.0/0"],"description":"","from_port":8080,"ipv6_cidr_blocks":[],"prefix_list_ids":[],"protocol":"tcp","security_groups":[],"self":false,"to_port":8080},{"cidr_blocks":["0.0.0.0/0"],"description":"","from_port":80,"ipv6_cidr_blocks":[],"prefix_list_ids":[],"protocol":"tcp","security_groups":[],"self":false,"to_port":80}],"name":"devVPC_terraform_vpc_allow_ssh_http","name_prefix":"","owner_id":"472058926441","revoke_rules_on_delete":false,"tags":{"Name":"devVPC_terraform_sg_allow_ssh_http"},"tags_all":{"Name":"devVPC_terraform_sg_allow_ssh_http"},"timeouts":null,"vpc_id":"vpc-07cf59533b4049e82"},"after":{"description":"Managed by Terraform","name":"devVPC_terraform_vpc_allow_ssh_http","revoke_rules_on_delete":false,"tags":{"Name":"devVPC_terraform_sg_allow_ssh_http"},"tags_all":{"Name":"devVPC_terraform_sg_allow_ssh_http"},"timeouts":null},"after_unknown":{"arn":true,"egress":true,"id":true,"ingress":true,"name_prefix":true,"owner_id":true,"tags":{},"tags_all":{},"vpc_id":true},"before_sensitive":false,"after_sensitive":false},"target_group_arn":{"actions":["update"],"before":"arn:aws:elasticloadbalancing:us-west-2:472058926441:targetgroup/devVPC-target-group/6806e8b287552ca0","after_unknown":true,"before_sensitive":false,"after_sensitive":false},"target_group_id":{"actions":["update"],"before":"arn:aws:elasticloadbalancing:us-west-2:472058926441:targetgroup/devVPC-target-group/6806e8b287552ca0","after_unknown":true,"before_sensitive":false,"after_sensitive":false},"vpc_id":{"actions":["update"],"before":"vpc-07cf59533b4049e82","after_unknown":true,"before_sensitive":false,"after_sensitive":false}},"prior_state":{"format_version":"1.0","terraform_version":"1.5.1","values":{"outputs":{"application_load_balancer_arn":{"sensitive":false,"value":"arn:aws:elasticloadbalancing:us-west-2:472058926441:loadbalancer/app/devVPC-app-load-balancer/75b1c4c83ee4d31e","type":"string"},"application_load_balancer_id":{"sensitive":false,"value":"arn:aws:elasticloadbalancing:us-west-2:472058926441:loadbalancer/app/devVPC-app-load-balancer/75b1c4c83ee4d31e","type":"string"},"auto_scaling_group_arn":{"sensitive":false,"value":"arn:aws:autoscaling:us-west-2:472058926441:autoScalingGroup:9d73508a-7b90-4fab-9a88-8ff1c23047b6:autoScalingGroupName/terraform-20230720161836017900000001","type":"string"},"auto_scaling_group_id":{"sensitive":false,"value":"terraform-20230720161836017900000001","type":"string"},"aws_internet_gateway":{"sensitive":false,"value":"igw-0eb83ac33c1d266d8","type":"string"},"launch_configuration_id":{"sensitive":false,"value":"devVPC-lc","type":"string"},"launch_configuration_name":{"sensitive":false,"value":"devVPC-lc","type":"string"},"public_subnet1":{"sensitive":false,"value":"subnet-05a69edc1adb14924","type":"string"},"public_subnet2":{"sensitive":false,"value":"subnet-0acb4e91627ec112e","type":"string"},"security_group":{"sensitive":false,"value":{"arn":"arn:aws:ec2:us-west-2:472058926441:security-group/sg-08de13555b799c1fb","description":"Managed by Terraform","egress":[{"cidr_blocks":["0.0.0.0/0"],"description":"","from_port":0,"ipv6_cidr_blocks":[],"prefix_list_ids":[],"protocol":"-1","security_groups":[],"self":false,"to_port":0}],"id":"sg-08de13555b799c1fb","ingress":[{"cidr_blocks":["0.0.0.0/0"],"description":"","from_port":22,"ipv6_cidr_blocks":[],"prefix_list_ids":[],"protocol":"tcp","security_groups":[],"self":false,"to_port":22},{"cidr_blocks":["0.0.0.0/0"],"description":"","from_port":8080,"ipv6_cidr_blocks":[],"prefix_list_ids":[],"protocol":"tcp","security_groups":[],"self":false,"to_port":8080},{"cidr_blocks":["0.0.0.0/0"],"description":"","from_port":80,"ipv6_cidr_blocks":[],"prefix_list_ids":[],"protocol":"tcp","security_groups":[],"self":false,"to_port":80}],"name":"devVPC_terraform_vpc_allow_ssh_http","name_prefix":"","owner_id":"472058926441","revoke_rules_on_delete":false,"tags":{"Name":"devVPC_terraform_sg_allow_ssh_http"},"tags_all":{"Name":"devVPC_terraform_sg_allow_ssh_http"},"timeouts":null,"vpc_id":"vpc-07cf59533b4049e82"},"type":["object",{"arn":"string","description":"string","egress":["set",["object",{"cidr_blocks":["list","string"],"description":"string","from_port":"number","ipv6_cidr_blocks":["list","string"],"prefix_list_ids":["list","string"],"protocol":"string","security_groups":["set","string"],"self":"bool","to_port":"number"}]],"id":"string","ingress":["set",["object",{"cidr_blocks":["list","string"],"description":"string","from_port":"number","ipv6_cidr_blocks":["list","string"],"prefix_list_ids":["list","string"],"protocol":"string","security_groups":["set","string"],"self":"bool","to_port":"number"}]],"name":"string","name_prefix":"string","owner_id":"string","revoke_rules_on_delete":"bool","tags":["map","string"],"tags_all":["map","string"],"timeouts":["object",{"create":"string","delete":"string"}],"vpc_id":"string"}]},"target_group_arn":{"sensitive":false,"value":"arn:aws:elasticloadbalancing:us-west-2:472058926441:targetgroup/devVPC-target-group/6806e8b287552ca0","type":"string"},"target_group_id":{"sensitive":false,"value":"arn:aws:elasticloadbalancing:us-west-2:472058926441:targetgroup/devVPC-target-group/6806e8b287552ca0","type":"string"},"vpc_id":{"sensitive":false,"value":"vpc-07cf59533b4049e82","type":"string"}},"root_module":{"resources":[{"address":"data.aws_ami.latest_amazon_linux","mode":"data","type":"aws_ami","name":"latest_amazon_linux","provider_name":"registry.terraform.io/hashicorp/aws","schema_version":0,"values":{"architecture":"x86_64","arn":"arn:aws:ec2:us-west-2::image/ami-04d0def24be0d27d6","block_device_mappings":[{"device_name":"/dev/xvda","ebs":{"delete_on_termination":"true","encrypted":"false","iops":"0","snapshot_id":"snap-0f37ebe3563baecbc","throughput":"0","volume_size":"8","volume_type":"gp2"},"no_device":"","virtual_name":""}],"boot_mode":"","creation_date":"2023-06-28T20:12:57.000Z","deprecation_time":"2025-06-28T20:12:57.000Z","description":"Amazon Linux 2 AMI 2.0.20230628.0 x86_64 HVM gp2","ena_support":true,"executable_users":null,"filter":[{"name":"name","values":["amzn2-ami-hvm-*-x86_64-gp2"]},{"name":"virtualization-type","values":["hvm"]}],"hypervisor":"xen","id":"ami-04d0def24be0d27d6","image_id":"ami-04d0def24be0d27d6","image_location":"amazon/amzn2-ami-hvm-2.0.20230628.0-x86_64-gp2","image_owner_alias":"amazon","image_type":"machine","imds_support":"","include_deprecated":false,"kernel_id":"","most_recent":true,"name":"amzn2-ami-hvm-2.0.20230628.0-x86_64-gp2","name_regex":null,"owner_id":"137112412989","owners":["amazon"],"platform":"","platform_details":"Linux/UNIX","product_codes":[],"public":true,"ramdisk_id":"","root_device_name":"/dev/xvda","root_device_type":"ebs","root_snapshot_id":"snap-0f37ebe3563baecbc","sriov_net_support":"simple","state":"available","state_reason":{"code":"UNSET","message":"UNSET"},"tags":{},"timeouts":null,"tpm_support":"","usage_operation":"RunInstances","virtualization_type":"hvm"},"sensitive_values":{"block_device_mappings":[{"ebs":{}}],"filter":[{"values":[false]},{"values":[false]}],"owners":[false],"product_codes":[],"state_reason":{},"tags":{}}},{"address":"data.aws_availability_zones.devVPC_available","mode":"data","type":"aws_availability_zones","name":"devVPC_available","provider_name":"registry.terraform.io/hashicorp/aws","schema_version":0,"values":{"all_availability_zones":null,"exclude_names":null,"exclude_zone_ids":null,"filter":null,"group_names":["us-west-2"],"id":"us-west-2","names":["us-west-2a","us-west-2b","us-west-2c","us-west-2d"],"state":null,"timeouts":null,"zone_ids":["usw2-az1","usw2-az2","usw2-az3","usw2-az4"]},"sensitive_values":{"group_names":[false],"names":[false,false,false,false],"zone_ids":[false,false,false,false]}}]}}},"configuration":{"provider_config":{"aws":{"name":"aws","full_name":"registry.terraform.io/hashicorp/aws","expressions":{"region":{"references":["var.AWS_REGION"]}}}},"root_module":{"outputs":{"application_load_balancer_arn":{"expression":{"references":["aws_lb.devVPC_application_load_balancer.arn","aws_lb.devVPC_application_load_balancer"]}},"application_load_balancer_id":{"expression":{"references":["aws_lb.devVPC_application_load_balancer.id","aws_lb.devVPC_application_load_balancer"]}},"auto_scaling_group_arn":{"expression":{"references":["aws_autoscaling_group.devVPC_auto_scaling_group.arn","aws_autoscaling_group.devVPC_auto_scaling_group"]}},"auto_scaling_group_id":{"expression":{"references":["aws_autoscaling_group.devVPC_auto_scaling_group.id","aws_autoscaling_group.devVPC_auto_scaling_group"]}},"aws_internet_gateway":{"expression":{"references":["aws_internet_gateway.devVPC_IGW.id","aws_internet_gateway.devVPC_IGW"]}},"launch_configuration_id":{"expression":{"references":["aws_launch_configuration.devVPC_launch_configuration.id","aws_launch_configuration.devVPC_launch_configuration"]}},"launch_configuration_name":{"expression":{"references":["aws_launch_configuration.devVPC_launch_configuration.name","aws_launch_configuration.devVPC_launch_configuration"]}},"public_subnet1":{"expression":{"references":["aws_subnet.devVPC_public_subnet1.id","aws_subnet.devVPC_public_subnet1"]}},"public_subnet2":{"expression":{"references":["aws_subnet.devVPC_public_subnet2.id","aws_subnet.devVPC_public_subnet2"]}},"security_group":{"expression":{"references":["aws_security_group.devVPC_sg_allow_ssh_http"]}},"target_group_arn":{"expression":{"references":["aws_lb_target_group.devVPC_target_group.arn","aws_lb_target_group.devVPC_target_group"]}},"target_group_id":{"expression":{"references":["aws_lb_target_group.devVPC_target_group.id","aws_lb_target_group.devVPC_target_group"]}},"vpc_id":{"expression":{"references":["aws_vpc.devVPC.id","aws_vpc.devVPC"]}}},"resources":[{"address":"aws_autoscaling_group.devVPC_auto_scaling_group","mode":"managed","type":"aws_autoscaling_group","name":"devVPC_auto_scaling_group","provider_config_key":"aws","expressions":{"desired_capacity":{"constant_value":2},"launch_configuration":{"references":["aws_launch_configuration.devVPC_launch_configuration.id","aws_launch_configuration.devVPC_launch_configuration"]},"max_size":{"constant_value":4},"min_size":{"constant_value":1},"tag":[{"key":{"constant_value":"Name"},"propagate_at_launch":{"constant_value":true},"value":{"constant_value":"terraform18_ec2_asg"}}],"target_group_arns":{"references":["aws_lb_target_group.devVPC_target_group.arn","aws_lb_target_group.devVPC_target_group"]},"vpc_zone_identifier":{"references":["aws_subnet.devVPC_public_subnet1.id","aws_subnet.devVPC_public_subnet1"]}},"schema_version":0},{"address":"aws_internet_gateway.devVPC_IGW","mode":"managed","type":"aws_internet_gateway","name":"devVPC_IGW","provider_config_key":"aws","expressions":{"tags":{"constant_value":{"Name":"dev_terraform_vpc_igw"}},"vpc_id":{"references":["aws_vpc.devVPC.id","aws_vpc.devVPC"]}},"schema_version":0},{"address":"aws_launch_configuration.devVPC_launch_configuration","mode":"managed","type":"aws_launch_configuration","name":"devVPC_launch_configuration","provider_config_key":"aws","expressions":{"image_id":{"references":["data.aws_ami.latest_amazon_linux.id","data.aws_ami.latest_amazon_linux"]},"instance_type":{"constant_value":"t2.micro"},"name":{"constant_value":"devVPC-lc"},"security_groups":{"references":["aws_security_group.devVPC_sg_allow_ssh_http.id","aws_security_group.devVPC_sg_allow_ssh_http"]},"user_data":{}},"schema_version":0},{"address":"aws_lb.devVPC_application_load_balancer","mode":"managed","type":"aws_lb","name":"devVPC_application_load_balancer","provider_config_key":"aws","expressions":{"enable_http2":{"constant_value":true},"idle_timeout":{"constant_value":60},"internal":{"constant_value":false},"load_balancer_type":{"constant_value":"application"},"name":{"constant_value":"devVPC-app-load-balancer"},"security_groups":{"references":["aws_security_group.devVPC_sg_allow_ssh_http.id","aws_security_group.devVPC_sg_allow_ssh_http"]},"subnets":{"references":["aws_subnet.devVPC_public_subnet1.id","aws_subnet.devVPC_public_subnet1","aws_subnet.devVPC_public_subnet2.id","aws_subnet.devVPC_public_subnet2"]},"tags":{"constant_value":{"Environment":"production","Name":"devVPC-app-load-balancer"}}},"schema_version":0},{"address":"aws_lb_listener.devVPC_listener","mode":"managed","type":"aws_lb_listener","name":"devVPC_listener","provider_config_key":"aws","expressions":{"default_action":[{"target_group_arn":{"references":["aws_lb_target_group.devVPC_target_group.arn","aws_lb_target_group.devVPC_target_group"]},"type":{"constant_value":"forward"}}],"load_balancer_arn":{"references":["aws_lb.devVPC_application_load_balancer.arn","aws_lb.devVPC_application_load_balancer"]},"port":{"constant_value":"80"},"protocol":{"constant_value":"HTTP"}},"schema_version":0},{"address":"aws_lb_target_group.devVPC_target_group","mode":"managed","type":"aws_lb_target_group","name":"devVPC_target_group","provider_config_key":"aws","expressions":{"name":{"constant_value":"devVPC-target-group"},"port":{"constant_value":80},"protocol":{"constant_value":"HTTP"},"vpc_id":{"references":["aws_vpc.devVPC.id","aws_vpc.devVPC"]}},"schema_version":0},{"address":"aws_route_table.devVPC_public_route","mode":"managed","type":"aws_route_table","name":"devVPC_public_route","provider_config_key":"aws","expressions":{"route":{"references":["aws_internet_gateway.devVPC_IGW.id","aws_internet_gateway.devVPC_IGW","var.cidr_blocks"]},"tags":{"constant_value":{"Name":"dev_terraform_vpc_public_route"}},"vpc_id":{"references":["aws_vpc.devVPC.id","aws_vpc.devVPC"]}},"schema_version":0},{"address":"aws_route_table_association.public_subnet_association1","mode":"managed","type":"aws_route_table_association","name":"public_subnet_association1","provider_config_key":"aws","expressions":{"route_table_id":{"references":["aws_route_table.devVPC_public_route.id","aws_route_table.devVPC_public_route"]},"subnet_id":{"references":["aws_subnet.devVPC_public_subnet1.id","aws_subnet.devVPC_public_subnet1"]}},"schema_version":0,"depends_on":["aws_route_table.devVPC_public_route","aws_subnet.devVPC_public_subnet1"]},{"address":"aws_route_table_association.public_subnet_association2","mode":"managed","type":"aws_route_table_association","name":"public_subnet_association2","provider_config_key":"aws","expressions":{"route_table_id":{"references":["aws_route_table.devVPC_public_route.id","aws_route_table.devVPC_public_route"]},"subnet_id":{"references":["aws_subnet.devVPC_public_subnet2.id","aws_subnet.devVPC_public_subnet2"]}},"schema_version":0,"depends_on":["aws_route_table.devVPC_public_route","aws_subnet.devVPC_public_subnet2"]},{"address":"aws_security_group.devVPC_sg_allow_ssh_http","mode":"managed","type":"aws_security_group","name":"devVPC_sg_allow_ssh_http","provider_config_key":"aws","expressions":{"name":{"constant_value":"devVPC_terraform_vpc_allow_ssh_http"},"tags":{"constant_value":{"Name":"devVPC_terraform_sg_allow_ssh_http"}},"vpc_id":{"references":["aws_vpc.devVPC.id","aws_vpc.devVPC"]}},"schema_version":1},{"address":"aws_security_group_rule.devVPC_egress_access","mode":"managed","type":"aws_security_group_rule","name":"devVPC_egress_access","provider_config_key":"aws","expressions":{"cidr_blocks":{"references":["var.cidr_blocks"]},"from_port":{"constant_value":0},"protocol":{"constant_value":"-1"},"security_group_id":{"references":["aws_security_group.devVPC_sg_allow_ssh_http.id","aws_security_group.devVPC_sg_allow_ssh_http"]},"to_port":{"constant_value":0},"type":{"constant_value":"egress"}},"schema_version":2},{"address":"aws_security_group_rule.devVPC_http8080_ingress_access","mode":"managed","type":"aws_security_group_rule","name":"devVPC_http8080_ingress_access","provider_config_key":"aws","expressions":{"cidr_blocks":{"references":["var.cidr_blocks"]},"from_port":{"constant_value":8080},"protocol":{"constant_value":"tcp"},"security_group_id":{"references":["aws_security_group.devVPC_sg_allow_ssh_http.id","aws_security_group.devVPC_sg_allow_ssh_http"]},"to_port":{"constant_value":8080},"type":{"constant_value":"ingress"}},"schema_version":2},{"address":"aws_security_group_rule.devVPC_http_ingress_access","mode":"managed","type":"aws_security_group_rule","name":"devVPC_http_ingress_access","provider_config_key":"aws","expressions":{"cidr_blocks":{"references":["var.cidr_blocks"]},"from_port":{"constant_value":80},"protocol":{"constant_value":"tcp"},"security_group_id":{"references":["aws_security_group.devVPC_sg_allow_ssh_http.id","aws_security_group.devVPC_sg_allow_ssh_http"]},"to_port":{"constant_value":80},"type":{"constant_value":"ingress"}},"schema_version":2},{"address":"aws_security_group_rule.devVPC_ssh_ingress_access","mode":"managed","type":"aws_security_group_rule","name":"devVPC_ssh_ingress_access","provider_config_key":"aws","expressions":{"cidr_blocks":{"references":["var.cidr_blocks"]},"from_port":{"constant_value":22},"protocol":{"constant_value":"tcp"},"security_group_id":{"references":["aws_security_group.devVPC_sg_allow_ssh_http.id","aws_security_group.devVPC_sg_allow_ssh_http"]},"to_port":{"constant_value":22},"type":{"constant_value":"ingress"}},"schema_version":2},{"address":"aws_subnet.devVPC_private_subnet1","mode":"managed","type":"aws_subnet","name":"devVPC_private_subnet1","provider_config_key":"aws","expressions":{"availability_zone":{"references":["data.aws_availability_zones.devVPC_available.names[1]","data.aws_availability_zones.devVPC_available.names","data.aws_availability_zones.devVPC_available"]},"cidr_block":{"constant_value":"10.0.2.0/24"},"map_public_ip_on_launch":{"constant_value":false},"tags":{"constant_value":{"Name":"dev_terraform_vpc_private2_subnet_az1"}},"vpc_id":{"references":["aws_vpc.devVPC.id","aws_vpc.devVPC"]}},"schema_version":1},{"address":"aws_subnet.devVPC_private_subnet2","mode":"managed","type":"aws_subnet","name":"devVPC_private_subnet2","provider_config_key":"aws","expressions":{"availability_zone":{"references":["data.aws_availability_zones.devVPC_available.names[2]","data.aws_availability_zones.devVPC_available.names","data.aws_availability_zones.devVPC_available"]},"cidr_block":{"constant_value":"10.0.4.0/24"},"map_public_ip_on_launch":{"constant_value":false},"tags":{"constant_value":{"Name":"dev_terraform_vpc_private2_subnet_az2"}},"vpc_id":{"references":["aws_vpc.devVPC.id","aws_vpc.devVPC"]}},"schema_version":1},{"address":"aws_subnet.devVPC_public_subnet1","mode":"managed","type":"aws_subnet","name":"devVPC_public_subnet1","provider_config_key":"aws","expressions":{"availability_zone":{"references":["data.aws_availability_zones.devVPC_available.names[1]","data.aws_availability_zones.devVPC_available.names","data.aws_availability_zones.devVPC_available"]},"cidr_block":{"constant_value":"10.0.1.0/24"},"map_public_ip_on_launch":{"constant_value":true},"tags":{"constant_value":{"Name":"dev_terraform_vpc_public1_subnet_az1"}},"vpc_id":{"references":["aws_vpc.devVPC.id","aws_vpc.devVPC"]}},"schema_version":1},{"address":"aws_subnet.devVPC_public_subnet2","mode":"managed","type":"aws_subnet","name":"devVPC_public_subnet2","provider_config_key":"aws","expressions":{"availability_zone":{"references":["data.aws_availability_zones.devVPC_available.names[2]","data.aws_availability_zones.devVPC_available.names","data.aws_availability_zones.devVPC_available"]},"cidr_block":{"constant_value":"10.0.3.0/24"},"map_public_ip_on_launch":{"constant_value":true},"tags":{"constant_value":{"Name":"dev_terraform_vpc_public1_subnet_az2"}},"vpc_id":{"references":["aws_vpc.devVPC.id","aws_vpc.devVPC"]}},"schema_version":1},{"address":"aws_vpc.devVPC","mode":"managed","type":"aws_vpc","name":"devVPC","provider_config_key":"aws","expressions":{"cidr_block":{"references":["var.VPC_cidr_block"]},"enable_dns_hostnames":{"constant_value":true},"enable_dns_support":{"constant_value":true},"tags":{"constant_value":{"Name":"dev_terraform18_vpc"}}},"schema_version":1},{"address":"data.aws_ami.latest_amazon_linux","mode":"data","type":"aws_ami","name":"latest_amazon_linux","provider_config_key":"aws","expressions":{"filter":[{"name":{"constant_value":"name"},"values":{"constant_value":["amzn2-ami-hvm-*-x86_64-gp2"]}},{"name":{"constant_value":"virtualization-type"},"values":{"constant_value":["hvm"]}}],"most_recent":{"constant_value":true},"owners":{"constant_value":["amazon"]}},"schema_version":0},{"address":"data.aws_availability_zones.devVPC_available","mode":"data","type":"aws_availability_zones","name":"devVPC_available","provider_config_key":"aws","schema_version":0}],"variables":{"AWS_REGION":{"default":"us-west-2","description":"AWS Region"},"VPC_cidr_block":{"default":"10.0.0.0/16","description":"CIDR block for the VPC"},"cidr_blocks":{"default":"0.0.0.0/0"},"private_cidr1":{"default":"10.0.2.0/24"},"private_cidr2":{"default":"10.0.2.0/24"},"public_cidr1":{"default":"10.0.1.0/24"},"public_cidr2":{"default":"10.0.1.0/24"}}}},"relevant_attributes":[{"resource":"aws_lb_target_group.devVPC_target_group","attribute":["arn"]},{"resource":"aws_route_table.devVPC_public_route","attribute":["id"]},{"resource":"aws_security_group.devVPC_sg_allow_ssh_http","attribute":[]},{"resource":"aws_autoscaling_group.devVPC_auto_scaling_group","attribute":["id"]},{"resource":"data.aws_availability_zones.devVPC_available","attribute":["names",1]},{"resource":"data.aws_ami.latest_amazon_linux","attribute":["id"]},{"resource":"aws_internet_gateway.devVPC_IGW","attribute":["id"]},{"resource":"aws_lb.devVPC_application_load_balancer","attribute":["arn"]},{"resource":"aws_lb_target_group.devVPC_target_group","attribute":["id"]},{"resource":"aws_subnet.devVPC_public_subnet1","attribute":["id"]},{"resource":"data.aws_availability_zones.devVPC_available","attribute":["names",2]},{"resource":"aws_subnet.devVPC_public_subnet2","attribute":["id"]},{"resource":"aws_autoscaling_group.devVPC_auto_scaling_group","attribute":["arn"]},{"resource":"aws_vpc.devVPC","attribute":["id"]},{"resource":"aws_launch_configuration.devVPC_launch_configuration","attribute":["id"]},{"resource":"aws_lb.devVPC_application_load_balancer","attribute":["id"]},{"resource":"aws_security_group.devVPC_sg_allow_ssh_http","attribute":["id"]}],"timestamp":"2023-07-21T07:51:00Z"}
